// !$*UTF8*$!
{
	archiveVersion = 1;
	classes = {
	};
	objectVersion = 56;
	objects = {

/* Begin PBXBuildFile section */
		4520725F2CFCA8880097D561 /* GoogleService-Info.plist in Resources */ = {isa = PBXBuildFile; fileRef = 4520725E2CFCA8880097D561 /* GoogleService-Info.plist */; };
		4522E09F2CBBCC22003511A5 /* GoogleSignInSwift in Frameworks */ = {isa = PBXBuildFile; productRef = 4522E09E2CBBCC22003511A5 /* GoogleSignInSwift */; };
		4522E0A12CBBCC26003511A5 /* GoogleSignIn in Frameworks */ = {isa = PBXBuildFile; productRef = 4522E0A02CBBCC26003511A5 /* GoogleSignIn */; };
		4522E0A52CBBCC35003511A5 /* FirebaseAuth in Frameworks */ = {isa = PBXBuildFile; productRef = 4522E0A42CBBCC35003511A5 /* FirebaseAuth */; };
		4522E0A72CBBCC44003511A5 /* FirebaseFirestore in Frameworks */ = {isa = PBXBuildFile; productRef = 4522E0A62CBBCC44003511A5 /* FirebaseFirestore */; };
		4522E0A92CBBCC52003511A5 /* FirebaseCore in Frameworks */ = {isa = PBXBuildFile; productRef = 4522E0A82CBBCC52003511A5 /* FirebaseCore */; };
		454052C62CB6EFF700203247 /* questions.json in Resources */ = {isa = PBXBuildFile; fileRef = 454052C52CB6EFF700203247 /* questions.json */; };
		454C11902CCA0882009FCF4F /* splash_animation.gif in Resources */ = {isa = PBXBuildFile; fileRef = 454C118F2CCA0882009FCF4F /* splash_animation.gif */; };
		4576EEC82CD276330034D68F /* GoogleMobileAds in Frameworks */ = {isa = PBXBuildFile; productRef = 4576EEC72CD276330034D68F /* GoogleMobileAds */; };
		457BBE0F2CD609B50013E275 /* sancai.json in Resources */ = {isa = PBXBuildFile; fileRef = 457BBE0E2CD609B50013E275 /* sancai.json */; };
		457BBE112CD615CD0013E275 /* characters.json in Resources */ = {isa = PBXBuildFile; fileRef = 457BBE102CD615CD0013E275 /* characters.json */; };
		457BBE132CD61EFF0013E275 /* CharacterManager.swift in Sources */ = {isa = PBXBuildFile; fileRef = 457BBE122CD61EFF0013E275 /* CharacterManager.swift */; };
		457BBE152CD620F20013E275 /* src.txt in Resources */ = {isa = PBXBuildFile; fileRef = 457BBE142CD620F20013E275 /* src.txt */; };
		457BBE172CD6649B0013E275 /* SwiftOpenAI in Frameworks */ = {isa = PBXBuildFile; productRef = 457BBE162CD6649B0013E275 /* SwiftOpenAI */; };
		45830FA32CE219CC00753CAE /* FirebaseAnalytics in Frameworks */ = {isa = PBXBuildFile; productRef = 45830FA22CE219CC00753CAE /* FirebaseAnalytics */; };
		45830FA52CE219CC00753CAE /* FirebaseAnalyticsOnDeviceConversion in Frameworks */ = {isa = PBXBuildFile; productRef = 45830FA42CE219CC00753CAE /* FirebaseAnalyticsOnDeviceConversion */; };
		45830FA72CE219CC00753CAE /* FirebaseAnalyticsWithoutAdIdSupport in Frameworks */ = {isa = PBXBuildFile; productRef = 45830FA62CE219CC00753CAE /* FirebaseAnalyticsWithoutAdIdSupport */; };
		45830FA92CE219CC00753CAE /* FirebaseAppCheck in Frameworks */ = {isa = PBXBuildFile; productRef = 45830FA82CE219CC00753CAE /* FirebaseAppCheck */; };
		45830FAB2CE219CC00753CAE /* FirebaseAppDistribution-Beta in Frameworks */ = {isa = PBXBuildFile; productRef = 45830FAA2CE219CC00753CAE /* FirebaseAppDistribution-Beta */; };
		458407852CBA6A7500F9C299 /* Config.plist in Resources */ = {isa = PBXBuildFile; fileRef = 458407842CBA6A7500F9C299 /* Config.plist */; };
		458407872CBA6AC100F9C299 /* Config.swift in Sources */ = {isa = PBXBuildFile; fileRef = 458407862CBA6AC100F9C299 /* Config.swift */; };
		458DCFE42CECD44D00FC9C57 /* ForgotPasswordView.swift in Sources */ = {isa = PBXBuildFile; fileRef = 458DCFE32CECD44C00FC9C57 /* ForgotPasswordView.swift */; };
		458DCFE92CECD7E100FC9C57 /* AuthenticationManager.swift in Sources */ = {isa = PBXBuildFile; fileRef = 458DCFE82CECD7E100FC9C57 /* AuthenticationManager.swift */; };
		459DA8582CEE1FDC00CE6EC1 /* AppCheckManager.swift in Sources */ = {isa = PBXBuildFile; fileRef = 459DA8572CEE1FD200CE6EC1 /* AppCheckManager.swift */; };
		459DA85A2CEE458800CE6EC1 /* VerificationCodeView.swift in Sources */ = {isa = PBXBuildFile; fileRef = 459DA8592CEE458800CE6EC1 /* VerificationCodeView.swift */; };
		45A4B4262CC78E06002640E7 /* NotoSansTC-Black.ttf in Resources */ = {isa = PBXBuildFile; fileRef = 45A4B4242CC78E05002640E7 /* NotoSansTC-Black.ttf */; };
		45A4B4272CC78E06002640E7 /* NotoSansTC-Regular.ttf in Resources */ = {isa = PBXBuildFile; fileRef = 45A4B4252CC78E06002640E7 /* NotoSansTC-Regular.ttf */; };
		45C56C4E2CB6A42000D09C73 /* moai_baby_name_generatorApp.swift in Sources */ = {isa = PBXBuildFile; fileRef = 45C56C4D2CB6A42000D09C73 /* moai_baby_name_generatorApp.swift */; };
		45C56C502CB6A42000D09C73 /* ContentView.swift in Sources */ = {isa = PBXBuildFile; fileRef = 45C56C4F2CB6A42000D09C73 /* ContentView.swift */; };
		45C56C522CB6A42100D09C73 /* Assets.xcassets in Resources */ = {isa = PBXBuildFile; fileRef = 45C56C512CB6A42100D09C73 /* Assets.xcassets */; };
		45C56C552CB6A42100D09C73 /* Preview Assets.xcassets in Resources */ = {isa = PBXBuildFile; fileRef = 45C56C542CB6A42100D09C73 /* Preview Assets.xcassets */; };
		45C56C5F2CB6A42100D09C73 /* moai_baby_name_generatorTests.swift in Sources */ = {isa = PBXBuildFile; fileRef = 45C56C5E2CB6A42100D09C73 /* moai_baby_name_generatorTests.swift */; };
		45C56C692CB6A42100D09C73 /* moai_baby_name_generatorUITests.swift in Sources */ = {isa = PBXBuildFile; fileRef = 45C56C682CB6A42100D09C73 /* moai_baby_name_generatorUITests.swift */; };
		45C56C6B2CB6A42100D09C73 /* moai_baby_name_generatorUITestsLaunchTests.swift in Sources */ = {isa = PBXBuildFile; fileRef = 45C56C6A2CB6A42100D09C73 /* moai_baby_name_generatorUITestsLaunchTests.swift */; };
		45D15D442CDCC0B3000AA2DD /* StoreKit.framework in Frameworks */ = {isa = PBXBuildFile; fileRef = 45D15D432CDCC0B3000AA2DD /* StoreKit.framework */; };
		45D15D4C2CDCDA67000AA2DD /* products.storekit in Resources */ = {isa = PBXBuildFile; fileRef = 45D15D4B2CDCDA67000AA2DD /* products.storekit */; };
		45DABAE92CF566F2008C7FBE /* FirebaseMessaging in Frameworks */ = {isa = PBXBuildFile; productRef = 45DABAE82CF566F2008C7FBE /* FirebaseMessaging */; };
		45E16BBB2CDC87C300B9D57B /* IAPManager.swift in Sources */ = {isa = PBXBuildFile; fileRef = 45E16BBA2CDC87C000B9D57B /* IAPManager.swift */; };
/* End PBXBuildFile section */

/* Begin PBXContainerItemProxy section */
		45C56C5B2CB6A42100D09C73 /* PBXContainerItemProxy */ = {
			isa = PBXContainerItemProxy;
			containerPortal = 45C56C422CB6A42000D09C73 /* Project object */;
			proxyType = 1;
			remoteGlobalIDString = 45C56C492CB6A42000D09C73;
			remoteInfo = "moai-baby-name-generator";
		};
		45C56C652CB6A42100D09C73 /* PBXContainerItemProxy */ = {
			isa = PBXContainerItemProxy;
			containerPortal = 45C56C422CB6A42000D09C73 /* Project object */;
			proxyType = 1;
			remoteGlobalIDString = 45C56C492CB6A42000D09C73;
			remoteInfo = "moai-baby-name-generator";
		};
/* End PBXContainerItemProxy section */

/* Begin PBXFileReference section */
		4520725E2CFCA8880097D561 /* GoogleService-Info.plist */ = {isa = PBXFileReference; lastKnownFileType = text.plist.xml; path = "GoogleService-Info.plist"; sourceTree = "<group>"; };
		454052C52CB6EFF700203247 /* questions.json */ = {isa = PBXFileReference; lastKnownFileType = text.json; name = questions.json; path = "moai-baby-name-generator/questions.json"; sourceTree = SOURCE_ROOT; };
		454C118F2CCA0882009FCF4F /* splash_animation.gif */ = {isa = PBXFileReference; lastKnownFileType = image.gif; name = splash_animation.gif; path = Assets.xcassets/splash_animation.dataset/splash_animation.gif; sourceTree = "<group>"; };
		457BBE0E2CD609B50013E275 /* sancai.json */ = {isa = PBXFileReference; lastKnownFileType = text.json; path = sancai.json; sourceTree = "<group>"; };
		457BBE102CD615CD0013E275 /* characters.json */ = {isa = PBXFileReference; lastKnownFileType = text.json; path = characters.json; sourceTree = "<group>"; };
		457BBE122CD61EFF0013E275 /* CharacterManager.swift */ = {isa = PBXFileReference; lastKnownFileType = sourcecode.swift; path = CharacterManager.swift; sourceTree = "<group>"; };
		457BBE142CD620F20013E275 /* src.txt */ = {isa = PBXFileReference; lastKnownFileType = text; path = src.txt; sourceTree = "<group>"; };
		45830FA12CDF9C7E00753CAE /* moai-baby-name-generator.entitlements */ = {isa = PBXFileReference; lastKnownFileType = text.plist.entitlements; path = "moai-baby-name-generator.entitlements"; sourceTree = "<group>"; };
		458407842CBA6A7500F9C299 /* Config.plist */ = {isa = PBXFileReference; lastKnownFileType = text.plist.xml; path = Config.plist; sourceTree = "<group>"; };
		458407862CBA6AC100F9C299 /* Config.swift */ = {isa = PBXFileReference; lastKnownFileType = sourcecode.swift; path = Config.swift; sourceTree = "<group>"; };
		458DCFE32CECD44C00FC9C57 /* ForgotPasswordView.swift */ = {isa = PBXFileReference; lastKnownFileType = sourcecode.swift; path = ForgotPasswordView.swift; sourceTree = "<group>"; };
		458DCFE82CECD7E100FC9C57 /* AuthenticationManager.swift */ = {isa = PBXFileReference; lastKnownFileType = sourcecode.swift; path = AuthenticationManager.swift; sourceTree = "<group>"; };
		459DA8572CEE1FD200CE6EC1 /* AppCheckManager.swift */ = {isa = PBXFileReference; lastKnownFileType = sourcecode.swift; path = AppCheckManager.swift; sourceTree = "<group>"; };
		459DA8592CEE458800CE6EC1 /* VerificationCodeView.swift */ = {isa = PBXFileReference; lastKnownFileType = sourcecode.swift; path = VerificationCodeView.swift; sourceTree = "<group>"; };
		45A4B4242CC78E05002640E7 /* NotoSansTC-Black.ttf */ = {isa = PBXFileReference; lastKnownFileType = file; path = "NotoSansTC-Black.ttf"; sourceTree = "<group>"; };
		45A4B4252CC78E06002640E7 /* NotoSansTC-Regular.ttf */ = {isa = PBXFileReference; lastKnownFileType = file; path = "NotoSansTC-Regular.ttf"; sourceTree = "<group>"; };
		45C56C4A2CB6A42000D09C73 /* moai-baby-name-generator.app */ = {isa = PBXFileReference; explicitFileType = wrapper.application; includeInIndex = 0; path = "moai-baby-name-generator.app"; sourceTree = BUILT_PRODUCTS_DIR; };
		45C56C4D2CB6A42000D09C73 /* moai_baby_name_generatorApp.swift */ = {isa = PBXFileReference; lastKnownFileType = sourcecode.swift; path = moai_baby_name_generatorApp.swift; sourceTree = "<group>"; };
		45C56C4F2CB6A42000D09C73 /* ContentView.swift */ = {isa = PBXFileReference; lastKnownFileType = sourcecode.swift; path = ContentView.swift; sourceTree = "<group>"; };
		45C56C512CB6A42100D09C73 /* Assets.xcassets */ = {isa = PBXFileReference; lastKnownFileType = folder.assetcatalog; path = Assets.xcassets; sourceTree = "<group>"; };
		45C56C542CB6A42100D09C73 /* Preview Assets.xcassets */ = {isa = PBXFileReference; lastKnownFileType = folder.assetcatalog; path = "Preview Assets.xcassets"; sourceTree = "<group>"; };
		45C56C5A2CB6A42100D09C73 /* moai-baby-name-generatorTests.xctest */ = {isa = PBXFileReference; explicitFileType = wrapper.cfbundle; includeInIndex = 0; path = "moai-baby-name-generatorTests.xctest"; sourceTree = BUILT_PRODUCTS_DIR; };
		45C56C5E2CB6A42100D09C73 /* moai_baby_name_generatorTests.swift */ = {isa = PBXFileReference; lastKnownFileType = sourcecode.swift; path = moai_baby_name_generatorTests.swift; sourceTree = "<group>"; };
		45C56C642CB6A42100D09C73 /* moai-baby-name-generatorUITests.xctest */ = {isa = PBXFileReference; explicitFileType = wrapper.cfbundle; includeInIndex = 0; path = "moai-baby-name-generatorUITests.xctest"; sourceTree = BUILT_PRODUCTS_DIR; };
		45C56C682CB6A42100D09C73 /* moai_baby_name_generatorUITests.swift */ = {isa = PBXFileReference; lastKnownFileType = sourcecode.swift; path = moai_baby_name_generatorUITests.swift; sourceTree = "<group>"; };
		45C56C6A2CB6A42100D09C73 /* moai_baby_name_generatorUITestsLaunchTests.swift */ = {isa = PBXFileReference; lastKnownFileType = sourcecode.swift; path = moai_baby_name_generatorUITestsLaunchTests.swift; sourceTree = "<group>"; };
		45D15D432CDCC0B3000AA2DD /* StoreKit.framework */ = {isa = PBXFileReference; lastKnownFileType = wrapper.framework; name = StoreKit.framework; path = System/Library/Frameworks/StoreKit.framework; sourceTree = SDKROOT; };
		45D15D4B2CDCDA67000AA2DD /* products.storekit */ = {isa = PBXFileReference; lastKnownFileType = text; path = products.storekit; sourceTree = "<group>"; };
		45D1D8892CB79676008F752A /* Info.plist */ = {isa = PBXFileReference; lastKnownFileType = text.plist; path = Info.plist; sourceTree = "<group>"; };
		45E16BBA2CDC87C000B9D57B /* IAPManager.swift */ = {isa = PBXFileReference; lastKnownFileType = sourcecode.swift; path = IAPManager.swift; sourceTree = "<group>"; };
/* End PBXFileReference section */

/* Begin PBXFrameworksBuildPhase section */
		45C56C472CB6A42000D09C73 /* Frameworks */ = {
			isa = PBXFrameworksBuildPhase;
			buildActionMask = 2147483647;
			files = (
				45D15D442CDCC0B3000AA2DD /* StoreKit.framework in Frameworks */,
				4522E0A52CBBCC35003511A5 /* FirebaseAuth in Frameworks */,
				45DABAE92CF566F2008C7FBE /* FirebaseMessaging in Frameworks */,
				4522E09F2CBBCC22003511A5 /* GoogleSignInSwift in Frameworks */,
				45830FAB2CE219CC00753CAE /* FirebaseAppDistribution-Beta in Frameworks */,
				4576EEC82CD276330034D68F /* GoogleMobileAds in Frameworks */,
				45830FA92CE219CC00753CAE /* FirebaseAppCheck in Frameworks */,
				45830FA72CE219CC00753CAE /* FirebaseAnalyticsWithoutAdIdSupport in Frameworks */,
				457BBE172CD6649B0013E275 /* SwiftOpenAI in Frameworks */,
				4522E0A92CBBCC52003511A5 /* FirebaseCore in Frameworks */,
				4522E0A12CBBCC26003511A5 /* GoogleSignIn in Frameworks */,
				45830FA52CE219CC00753CAE /* FirebaseAnalyticsOnDeviceConversion in Frameworks */,
				4522E0A72CBBCC44003511A5 /* FirebaseFirestore in Frameworks */,
				45830FA32CE219CC00753CAE /* FirebaseAnalytics in Frameworks */,
			);
			runOnlyForDeploymentPostprocessing = 0;
		};
		45C56C572CB6A42100D09C73 /* Frameworks */ = {
			isa = PBXFrameworksBuildPhase;
			buildActionMask = 2147483647;
			files = (
			);
			runOnlyForDeploymentPostprocessing = 0;
		};
		45C56C612CB6A42100D09C73 /* Frameworks */ = {
			isa = PBXFrameworksBuildPhase;
			buildActionMask = 2147483647;
			files = (
			);
			runOnlyForDeploymentPostprocessing = 0;
		};
/* End PBXFrameworksBuildPhase section */

/* Begin PBXGroup section */
		454052C82CB7872A00203247 /* Frameworks */ = {
			isa = PBXGroup;
			children = (
				45D15D432CDCC0B3000AA2DD /* StoreKit.framework */,
			);
			name = Frameworks;
			sourceTree = "<group>";
		};
		45C56C412CB6A42000D09C73 = {
			isa = PBXGroup;
			children = (
				45C56C4C2CB6A42000D09C73 /* moai-baby-name-generator */,
				45C56C5D2CB6A42100D09C73 /* moai-baby-name-generatorTests */,
				45C56C672CB6A42100D09C73 /* moai-baby-name-generatorUITests */,
				45C56C4B2CB6A42000D09C73 /* Products */,
				454052C82CB7872A00203247 /* Frameworks */,
				6EBADEECACA7531E59A2EC6F /* Pods */,
			);
			sourceTree = "<group>";
		};
		45C56C4B2CB6A42000D09C73 /* Products */ = {
			isa = PBXGroup;
			children = (
				45C56C4A2CB6A42000D09C73 /* moai-baby-name-generator.app */,
				45C56C5A2CB6A42100D09C73 /* moai-baby-name-generatorTests.xctest */,
				45C56C642CB6A42100D09C73 /* moai-baby-name-generatorUITests.xctest */,
			);
			name = Products;
			sourceTree = "<group>";
		};
		45C56C4C2CB6A42000D09C73 /* moai-baby-name-generator */ = {
			isa = PBXGroup;
			children = (
				459DA8572CEE1FD200CE6EC1 /* AppCheckManager.swift */,
				45830FA12CDF9C7E00753CAE /* moai-baby-name-generator.entitlements */,
				458DCFE32CECD44C00FC9C57 /* ForgotPasswordView.swift */,
				45E16BBA2CDC87C000B9D57B /* IAPManager.swift */,
				45D1D8892CB79676008F752A /* Info.plist */,
				45C56C4D2CB6A42000D09C73 /* moai_baby_name_generatorApp.swift */,
				45C56C4F2CB6A42000D09C73 /* ContentView.swift */,
				4520725E2CFCA8880097D561 /* GoogleService-Info.plist */,
				458407842CBA6A7500F9C299 /* Config.plist */,
				458DCFE82CECD7E100FC9C57 /* AuthenticationManager.swift */,
				458407862CBA6AC100F9C299 /* Config.swift */,
				45A4B4242CC78E05002640E7 /* NotoSansTC-Black.ttf */,
				457BBE142CD620F20013E275 /* src.txt */,
				459DA8592CEE458800CE6EC1 /* VerificationCodeView.swift */,
				45A4B4252CC78E06002640E7 /* NotoSansTC-Regular.ttf */,
				457BBE122CD61EFF0013E275 /* CharacterManager.swift */,
				454C118F2CCA0882009FCF4F /* splash_animation.gif */,
				45C56C512CB6A42100D09C73 /* Assets.xcassets */,
				45C56C532CB6A42100D09C73 /* Preview Content */,
				457BBE0E2CD609B50013E275 /* sancai.json */,
				457BBE102CD615CD0013E275 /* characters.json */,
				45D15D4B2CDCDA67000AA2DD /* products.storekit */,
			);
			path = "moai-baby-name-generator";
			sourceTree = "<group>";
		};
		45C56C532CB6A42100D09C73 /* Preview Content */ = {
			isa = PBXGroup;
			children = (
				45C56C542CB6A42100D09C73 /* Preview Assets.xcassets */,
				454052C52CB6EFF700203247 /* questions.json */,
			);
			path = "Preview Content";
			sourceTree = "<group>";
		};
		45C56C5D2CB6A42100D09C73 /* moai-baby-name-generatorTests */ = {
			isa = PBXGroup;
			children = (
				45C56C5E2CB6A42100D09C73 /* moai_baby_name_generatorTests.swift */,
			);
			path = "moai-baby-name-generatorTests";
			sourceTree = "<group>";
		};
		45C56C672CB6A42100D09C73 /* moai-baby-name-generatorUITests */ = {
			isa = PBXGroup;
			children = (
				45C56C682CB6A42100D09C73 /* moai_baby_name_generatorUITests.swift */,
				45C56C6A2CB6A42100D09C73 /* moai_baby_name_generatorUITestsLaunchTests.swift */,
			);
			path = "moai-baby-name-generatorUITests";
			sourceTree = "<group>";
		};
		6EBADEECACA7531E59A2EC6F /* Pods */ = {
			isa = PBXGroup;
			children = (
			);
			path = Pods;
			sourceTree = "<group>";
		};
/* End PBXGroup section */

/* Begin PBXNativeTarget section */
		45C56C492CB6A42000D09C73 /* moai-baby-name-generator */ = {
			isa = PBXNativeTarget;
			buildConfigurationList = 45C56C6E2CB6A42100D09C73 /* Build configuration list for PBXNativeTarget "moai-baby-name-generator" */;
			buildPhases = (
				45C56C462CB6A42000D09C73 /* Sources */,
				45C56C472CB6A42000D09C73 /* Frameworks */,
				45C56C482CB6A42000D09C73 /* Resources */,
			);
			buildRules = (
			);
			dependencies = (
			);
			name = "moai-baby-name-generator";
			packageProductDependencies = (
				4522E09E2CBBCC22003511A5 /* GoogleSignInSwift */,
				4522E0A02CBBCC26003511A5 /* GoogleSignIn */,
				4522E0A42CBBCC35003511A5 /* FirebaseAuth */,
				4522E0A62CBBCC44003511A5 /* FirebaseFirestore */,
				4522E0A82CBBCC52003511A5 /* FirebaseCore */,
				4576EEC72CD276330034D68F /* GoogleMobileAds */,
				457BBE162CD6649B0013E275 /* SwiftOpenAI */,
				45830FA22CE219CC00753CAE /* FirebaseAnalytics */,
				45830FA42CE219CC00753CAE /* FirebaseAnalyticsOnDeviceConversion */,
				45830FA62CE219CC00753CAE /* FirebaseAnalyticsWithoutAdIdSupport */,
				45830FA82CE219CC00753CAE /* FirebaseAppCheck */,
				45830FAA2CE219CC00753CAE /* FirebaseAppDistribution-Beta */,
				45DABAE82CF566F2008C7FBE /* FirebaseMessaging */,
			);
			productName = "moai-baby-name-generator";
			productReference = 45C56C4A2CB6A42000D09C73 /* moai-baby-name-generator.app */;
			productType = "com.apple.product-type.application";
		};
		45C56C592CB6A42100D09C73 /* moai-baby-name-generatorTests */ = {
			isa = PBXNativeTarget;
			buildConfigurationList = 45C56C712CB6A42100D09C73 /* Build configuration list for PBXNativeTarget "moai-baby-name-generatorTests" */;
			buildPhases = (
				45C56C562CB6A42100D09C73 /* Sources */,
				45C56C572CB6A42100D09C73 /* Frameworks */,
				45C56C582CB6A42100D09C73 /* Resources */,
			);
			buildRules = (
			);
			dependencies = (
				45C56C5C2CB6A42100D09C73 /* PBXTargetDependency */,
			);
			name = "moai-baby-name-generatorTests";
			productName = "moai-baby-name-generatorTests";
			productReference = 45C56C5A2CB6A42100D09C73 /* moai-baby-name-generatorTests.xctest */;
			productType = "com.apple.product-type.bundle.unit-test";
		};
		45C56C632CB6A42100D09C73 /* moai-baby-name-generatorUITests */ = {
			isa = PBXNativeTarget;
			buildConfigurationList = 45C56C742CB6A42100D09C73 /* Build configuration list for PBXNativeTarget "moai-baby-name-generatorUITests" */;
			buildPhases = (
				45C56C602CB6A42100D09C73 /* Sources */,
				45C56C612CB6A42100D09C73 /* Frameworks */,
				45C56C622CB6A42100D09C73 /* Resources */,
			);
			buildRules = (
			);
			dependencies = (
				45C56C662CB6A42100D09C73 /* PBXTargetDependency */,
			);
			name = "moai-baby-name-generatorUITests";
			productName = "moai-baby-name-generatorUITests";
			productReference = 45C56C642CB6A42100D09C73 /* moai-baby-name-generatorUITests.xctest */;
			productType = "com.apple.product-type.bundle.ui-testing";
		};
/* End PBXNativeTarget section */

/* Begin PBXProject section */
		45C56C422CB6A42000D09C73 /* Project object */ = {
			isa = PBXProject;
			attributes = {
				BuildIndependentTargetsInParallel = 1;
				LastSwiftUpdateCheck = 1540;
				LastUpgradeCheck = 1540;
				TargetAttributes = {
					45C56C492CB6A42000D09C73 = {
						CreatedOnToolsVersion = 15.4;
					};
					45C56C592CB6A42100D09C73 = {
						CreatedOnToolsVersion = 15.4;
						TestTargetID = 45C56C492CB6A42000D09C73;
					};
					45C56C632CB6A42100D09C73 = {
						CreatedOnToolsVersion = 15.4;
						TestTargetID = 45C56C492CB6A42000D09C73;
					};
				};
			};
			buildConfigurationList = 45C56C452CB6A42000D09C73 /* Build configuration list for PBXProject "moai-baby-name-generator" */;
			compatibilityVersion = "Xcode 14.0";
			developmentRegion = "zh-Hant";
			hasScannedForEncodings = 0;
			knownRegions = (
				en,
				Base,
				"zh-Hant",
			);
			mainGroup = 45C56C412CB6A42000D09C73;
			packageReferences = (
				454052C72CB7803B00203247 /* XCRemoteSwiftPackageReference "OpenAI" */,
				454052CB2CB78BDE00203247 /* XCRemoteSwiftPackageReference "OpenAISwift" */,
				45D1D8812CB79187008F752A /* XCRemoteSwiftPackageReference "SwiftOpenAI" */,
				45D1D8842CB795E2008F752A /* XCRemoteSwiftPackageReference "GoogleSignIn-iOS" */,
				45D1D88A2CB7FA0D008F752A /* XCRemoteSwiftPackageReference "firebase-ios-sdk" */,
				45D817892CCC8D660089A220 /* XCRemoteSwiftPackageReference "Inject" */,
				4576EEC42CD272D70034D68F /* XCRemoteSwiftPackageReference "swift-package-manager-google-mobile-ads" */,
				45F632952CDB869E005D6CCF /* XCRemoteSwiftPackageReference "swift-format" */,
			);
			productRefGroup = 45C56C4B2CB6A42000D09C73 /* Products */;
			projectDirPath = "";
			projectRoot = "";
			targets = (
				45C56C492CB6A42000D09C73 /* moai-baby-name-generator */,
				45C56C592CB6A42100D09C73 /* moai-baby-name-generatorTests */,
				45C56C632CB6A42100D09C73 /* moai-baby-name-generatorUITests */,
			);
		};
/* End PBXProject section */

/* Begin PBXResourcesBuildPhase section */
		45C56C482CB6A42000D09C73 /* Resources */ = {
			isa = PBXResourcesBuildPhase;
			buildActionMask = 2147483647;
			files = (
				454052C62CB6EFF700203247 /* questions.json in Resources */,
				457BBE152CD620F20013E275 /* src.txt in Resources */,
				457BBE0F2CD609B50013E275 /* sancai.json in Resources */,
				457BBE112CD615CD0013E275 /* characters.json in Resources */,
				454C11902CCA0882009FCF4F /* splash_animation.gif in Resources */,
				45A4B4262CC78E06002640E7 /* NotoSansTC-Black.ttf in Resources */,
				4520725F2CFCA8880097D561 /* GoogleService-Info.plist in Resources */,
				45C56C552CB6A42100D09C73 /* Preview Assets.xcassets in Resources */,
				45D15D4C2CDCDA67000AA2DD /* products.storekit in Resources */,
				45A4B4272CC78E06002640E7 /* NotoSansTC-Regular.ttf in Resources */,
				458407852CBA6A7500F9C299 /* Config.plist in Resources */,
				45C56C522CB6A42100D09C73 /* Assets.xcassets in Resources */,
			);
			runOnlyForDeploymentPostprocessing = 0;
		};
		45C56C582CB6A42100D09C73 /* Resources */ = {
			isa = PBXResourcesBuildPhase;
			buildActionMask = 2147483647;
			files = (
			);
			runOnlyForDeploymentPostprocessing = 0;
		};
		45C56C622CB6A42100D09C73 /* Resources */ = {
			isa = PBXResourcesBuildPhase;
			buildActionMask = 2147483647;
			files = (
			);
			runOnlyForDeploymentPostprocessing = 0;
		};
/* End PBXResourcesBuildPhase section */

/* Begin PBXSourcesBuildPhase section */
		45C56C462CB6A42000D09C73 /* Sources */ = {
			isa = PBXSourcesBuildPhase;
			buildActionMask = 2147483647;
			files = (
				45C56C502CB6A42000D09C73 /* ContentView.swift in Sources */,
				459DA8582CEE1FDC00CE6EC1 /* AppCheckManager.swift in Sources */,
				45E16BBB2CDC87C300B9D57B /* IAPManager.swift in Sources */,
				459DA85A2CEE458800CE6EC1 /* VerificationCodeView.swift in Sources */,
				458DCFE92CECD7E100FC9C57 /* AuthenticationManager.swift in Sources */,
				457BBE132CD61EFF0013E275 /* CharacterManager.swift in Sources */,
				45C56C4E2CB6A42000D09C73 /* moai_baby_name_generatorApp.swift in Sources */,
				458DCFE42CECD44D00FC9C57 /* ForgotPasswordView.swift in Sources */,
				458407872CBA6AC100F9C299 /* Config.swift in Sources */,
			);
			runOnlyForDeploymentPostprocessing = 0;
		};
		45C56C562CB6A42100D09C73 /* Sources */ = {
			isa = PBXSourcesBuildPhase;
			buildActionMask = 2147483647;
			files = (
				45C56C5F2CB6A42100D09C73 /* moai_baby_name_generatorTests.swift in Sources */,
			);
			runOnlyForDeploymentPostprocessing = 0;
		};
		45C56C602CB6A42100D09C73 /* Sources */ = {
			isa = PBXSourcesBuildPhase;
			buildActionMask = 2147483647;
			files = (
				45C56C692CB6A42100D09C73 /* moai_baby_name_generatorUITests.swift in Sources */,
				45C56C6B2CB6A42100D09C73 /* moai_baby_name_generatorUITestsLaunchTests.swift in Sources */,
			);
			runOnlyForDeploymentPostprocessing = 0;
		};
/* End PBXSourcesBuildPhase section */

/* Begin PBXTargetDependency section */
		45C56C5C2CB6A42100D09C73 /* PBXTargetDependency */ = {
			isa = PBXTargetDependency;
			target = 45C56C492CB6A42000D09C73 /* moai-baby-name-generator */;
			targetProxy = 45C56C5B2CB6A42100D09C73 /* PBXContainerItemProxy */;
		};
		45C56C662CB6A42100D09C73 /* PBXTargetDependency */ = {
			isa = PBXTargetDependency;
			target = 45C56C492CB6A42000D09C73 /* moai-baby-name-generator */;
			targetProxy = 45C56C652CB6A42100D09C73 /* PBXContainerItemProxy */;
		};
/* End PBXTargetDependency section */

/* Begin XCBuildConfiguration section */
		45C56C6C2CB6A42100D09C73 /* Debug */ = {
			isa = XCBuildConfiguration;
			buildSettings = {
				ALWAYS_SEARCH_USER_PATHS = NO;
				ASSETCATALOG_COMPILER_GENERATE_SWIFT_ASSET_SYMBOL_EXTENSIONS = YES;
				CLANG_ANALYZER_NONNULL = YES;
				CLANG_ANALYZER_NUMBER_OBJECT_CONVERSION = YES_AGGRESSIVE;
				CLANG_CXX_LANGUAGE_STANDARD = "gnu++20";
				CLANG_ENABLE_MODULES = YES;
				CLANG_ENABLE_OBJC_ARC = YES;
				CLANG_ENABLE_OBJC_WEAK = YES;
				CLANG_WARN_BLOCK_CAPTURE_AUTORELEASING = YES;
				CLANG_WARN_BOOL_CONVERSION = YES;
				CLANG_WARN_COMMA = YES;
				CLANG_WARN_CONSTANT_CONVERSION = YES;
				CLANG_WARN_DEPRECATED_OBJC_IMPLEMENTATIONS = YES;
				CLANG_WARN_DIRECT_OBJC_ISA_USAGE = YES_ERROR;
				CLANG_WARN_DOCUMENTATION_COMMENTS = YES;
				CLANG_WARN_EMPTY_BODY = YES;
				CLANG_WARN_ENUM_CONVERSION = YES;
				CLANG_WARN_INFINITE_RECURSION = YES;
				CLANG_WARN_INT_CONVERSION = YES;
				CLANG_WARN_NON_LITERAL_NULL_CONVERSION = YES;
				CLANG_WARN_OBJC_IMPLICIT_RETAIN_SELF = YES;
				CLANG_WARN_OBJC_LITERAL_CONVERSION = YES;
				CLANG_WARN_OBJC_ROOT_CLASS = YES_ERROR;
				CLANG_WARN_QUOTED_INCLUDE_IN_FRAMEWORK_HEADER = YES;
				CLANG_WARN_RANGE_LOOP_ANALYSIS = YES;
				CLANG_WARN_STRICT_PROTOTYPES = YES;
				CLANG_WARN_SUSPICIOUS_MOVE = YES;
				CLANG_WARN_UNGUARDED_AVAILABILITY = YES_AGGRESSIVE;
				CLANG_WARN_UNREACHABLE_CODE = YES;
				CLANG_WARN__DUPLICATE_METHOD_MATCH = YES;
				COPY_PHASE_STRIP = NO;
				DEBUG_INFORMATION_FORMAT = dwarf;
				ENABLE_STRICT_OBJC_MSGSEND = YES;
				ENABLE_TESTABILITY = YES;
				ENABLE_USER_SCRIPT_SANDBOXING = YES;
				GCC_C_LANGUAGE_STANDARD = gnu17;
				GCC_DYNAMIC_NO_PIC = NO;
				GCC_NO_COMMON_BLOCKS = YES;
				GCC_OPTIMIZATION_LEVEL = 0;
				GCC_PREPROCESSOR_DEFINITIONS = (
					"DEBUG=1",
					"$(inherited)",
				);
				GCC_WARN_64_TO_32_BIT_CONVERSION = YES;
				GCC_WARN_ABOUT_RETURN_TYPE = YES_ERROR;
				GCC_WARN_UNDECLARED_SELECTOR = YES;
				GCC_WARN_UNINITIALIZED_AUTOS = YES_AGGRESSIVE;
				GCC_WARN_UNUSED_FUNCTION = YES;
				GCC_WARN_UNUSED_VARIABLE = YES;
				IPHONEOS_DEPLOYMENT_TARGET = 17.0;
				LOCALIZATION_PREFERS_STRING_CATALOGS = YES;
				MTL_ENABLE_DEBUG_INFO = INCLUDE_SOURCE;
				MTL_FAST_MATH = YES;
				ONLY_ACTIVE_ARCH = YES;
				SDKROOT = iphoneos;
				SWIFT_ACTIVE_COMPILATION_CONDITIONS = "DEBUG $(inherited)";
				SWIFT_OPTIMIZATION_LEVEL = "-Onone";
			};
			name = Debug;
		};
		45C56C6D2CB6A42100D09C73 /* Release */ = {
			isa = XCBuildConfiguration;
			buildSettings = {
				ALWAYS_SEARCH_USER_PATHS = NO;
				ASSETCATALOG_COMPILER_GENERATE_SWIFT_ASSET_SYMBOL_EXTENSIONS = YES;
				CLANG_ANALYZER_NONNULL = YES;
				CLANG_ANALYZER_NUMBER_OBJECT_CONVERSION = YES_AGGRESSIVE;
				CLANG_CXX_LANGUAGE_STANDARD = "gnu++20";
				CLANG_ENABLE_MODULES = YES;
				CLANG_ENABLE_OBJC_ARC = YES;
				CLANG_ENABLE_OBJC_WEAK = YES;
				CLANG_WARN_BLOCK_CAPTURE_AUTORELEASING = YES;
				CLANG_WARN_BOOL_CONVERSION = YES;
				CLANG_WARN_COMMA = YES;
				CLANG_WARN_CONSTANT_CONVERSION = YES;
				CLANG_WARN_DEPRECATED_OBJC_IMPLEMENTATIONS = YES;
				CLANG_WARN_DIRECT_OBJC_ISA_USAGE = YES_ERROR;
				CLANG_WARN_DOCUMENTATION_COMMENTS = YES;
				CLANG_WARN_EMPTY_BODY = YES;
				CLANG_WARN_ENUM_CONVERSION = YES;
				CLANG_WARN_INFINITE_RECURSION = YES;
				CLANG_WARN_INT_CONVERSION = YES;
				CLANG_WARN_NON_LITERAL_NULL_CONVERSION = YES;
				CLANG_WARN_OBJC_IMPLICIT_RETAIN_SELF = YES;
				CLANG_WARN_OBJC_LITERAL_CONVERSION = YES;
				CLANG_WARN_OBJC_ROOT_CLASS = YES_ERROR;
				CLANG_WARN_QUOTED_INCLUDE_IN_FRAMEWORK_HEADER = YES;
				CLANG_WARN_RANGE_LOOP_ANALYSIS = YES;
				CLANG_WARN_STRICT_PROTOTYPES = YES;
				CLANG_WARN_SUSPICIOUS_MOVE = YES;
				CLANG_WARN_UNGUARDED_AVAILABILITY = YES_AGGRESSIVE;
				CLANG_WARN_UNREACHABLE_CODE = YES;
				CLANG_WARN__DUPLICATE_METHOD_MATCH = YES;
				COPY_PHASE_STRIP = NO;
				DEBUG_INFORMATION_FORMAT = "dwarf-with-dsym";
				ENABLE_NS_ASSERTIONS = NO;
				ENABLE_STRICT_OBJC_MSGSEND = YES;
				ENABLE_USER_SCRIPT_SANDBOXING = YES;
				GCC_C_LANGUAGE_STANDARD = gnu17;
				GCC_NO_COMMON_BLOCKS = YES;
				GCC_WARN_64_TO_32_BIT_CONVERSION = YES;
				GCC_WARN_ABOUT_RETURN_TYPE = YES_ERROR;
				GCC_WARN_UNDECLARED_SELECTOR = YES;
				GCC_WARN_UNINITIALIZED_AUTOS = YES_AGGRESSIVE;
				GCC_WARN_UNUSED_FUNCTION = YES;
				GCC_WARN_UNUSED_VARIABLE = YES;
				IPHONEOS_DEPLOYMENT_TARGET = 17.0;
				LOCALIZATION_PREFERS_STRING_CATALOGS = YES;
				MTL_ENABLE_DEBUG_INFO = NO;
				MTL_FAST_MATH = YES;
				SDKROOT = iphoneos;
				SWIFT_COMPILATION_MODE = wholemodule;
				VALIDATE_PRODUCT = YES;
			};
			name = Release;
		};
		45C56C6F2CB6A42100D09C73 /* Debug */ = {
			isa = XCBuildConfiguration;
			buildSettings = {
				ASSETCATALOG_COMPILER_APPICON_NAME = AppIcon;
				ASSETCATALOG_COMPILER_GLOBAL_ACCENT_COLOR_NAME = AccentColor;
				CODE_SIGN_ENTITLEMENTS = "moai-baby-name-generator/moai-baby-name-generator.entitlements";
				CODE_SIGN_STYLE = Automatic;
				CURRENT_PROJECT_VERSION = 1;
				DEVELOPMENT_ASSET_PATHS = "\"moai-baby-name-generator/Preview Content\"";
				DEVELOPMENT_TEAM = VWTUF2WB62;
				ENABLE_PREVIEWS = YES;
				GENERATE_INFOPLIST_FILE = YES;
				INFOPLIST_FILE = "moai-baby-name-generator/Info.plist";
				INFOPLIST_KEY_CFBundleDisplayName = "千尋";
				INFOPLIST_KEY_LSApplicationCategoryType = "public.app-category.lifestyle";
				INFOPLIST_KEY_UIApplicationSceneManifest_Generation = YES;
				INFOPLIST_KEY_UIApplicationSupportsIndirectInputEvents = YES;
				INFOPLIST_KEY_UILaunchScreen_Generation = YES;
				INFOPLIST_KEY_UISupportedInterfaceOrientations_iPad = "UIInterfaceOrientationPortrait UIInterfaceOrientationPortraitUpsideDown UIInterfaceOrientationLandscapeLeft UIInterfaceOrientationLandscapeRight";
				INFOPLIST_KEY_UISupportedInterfaceOrientations_iPhone = "UIInterfaceOrientationPortrait UIInterfaceOrientationLandscapeLeft UIInterfaceOrientationLandscapeRight";
				LD_RUNPATH_SEARCH_PATHS = (
					"$(inherited)",
					"@executable_path/Frameworks",
				);
				MARKETING_VERSION = 1.02;
				OTHER_LDFLAGS = "";
				PRODUCT_BUNDLE_IDENTIFIER = "moai.moai-baby-name";
				PRODUCT_NAME = "$(TARGET_NAME)";
				STRIP_INSTALLED_PRODUCT = NO;
				SUPPORTED_PLATFORMS = "iphoneos iphonesimulator";
				SUPPORTS_MACCATALYST = NO;
				SUPPORTS_XR_DESIGNED_FOR_IPHONE_IPAD = NO;
				SWIFT_EMIT_LOC_STRINGS = YES;
				SWIFT_VERSION = 5.0;
				TARGETED_DEVICE_FAMILY = 1;
			};
			name = Debug;
		};
		45C56C702CB6A42100D09C73 /* Release */ = {
			isa = XCBuildConfiguration;
			buildSettings = {
				ASSETCATALOG_COMPILER_APPICON_NAME = AppIcon;
				ASSETCATALOG_COMPILER_GLOBAL_ACCENT_COLOR_NAME = AccentColor;
				CODE_SIGN_ENTITLEMENTS = "moai-baby-name-generator/moai-baby-name-generator.entitlements";
				CODE_SIGN_IDENTITY = "Apple Development";
				CODE_SIGN_STYLE = Automatic;
				CURRENT_PROJECT_VERSION = 1;
				DEVELOPMENT_ASSET_PATHS = "\"moai-baby-name-generator/Preview Content\"";
				DEVELOPMENT_TEAM = VWTUF2WB62;
				ENABLE_PREVIEWS = YES;
				GENERATE_INFOPLIST_FILE = YES;
				INFOPLIST_FILE = "moai-baby-name-generator/Info.plist";
				INFOPLIST_KEY_CFBundleDisplayName = "千尋";
				INFOPLIST_KEY_LSApplicationCategoryType = "public.app-category.lifestyle";
				INFOPLIST_KEY_UIApplicationSceneManifest_Generation = YES;
				INFOPLIST_KEY_UIApplicationSupportsIndirectInputEvents = YES;
				INFOPLIST_KEY_UILaunchScreen_Generation = YES;
				INFOPLIST_KEY_UISupportedInterfaceOrientations_iPad = "UIInterfaceOrientationPortrait UIInterfaceOrientationPortraitUpsideDown UIInterfaceOrientationLandscapeLeft UIInterfaceOrientationLandscapeRight";
				INFOPLIST_KEY_UISupportedInterfaceOrientations_iPhone = "UIInterfaceOrientationPortrait UIInterfaceOrientationLandscapeLeft UIInterfaceOrientationLandscapeRight";
				LD_RUNPATH_SEARCH_PATHS = (
					"$(inherited)",
					"@executable_path/Frameworks",
				);
				MARKETING_VERSION = 1.02;
				OTHER_LDFLAGS = "";
				PRODUCT_BUNDLE_IDENTIFIER = "moai.moai-baby-name";
				PRODUCT_NAME = "$(TARGET_NAME)";
				PROVISIONING_PROFILE_SPECIFIER = "";
				STRIP_INSTALLED_PRODUCT = NO;
				SUPPORTED_PLATFORMS = "iphoneos iphonesimulator";
				SUPPORTS_MACCATALYST = NO;
				SUPPORTS_XR_DESIGNED_FOR_IPHONE_IPAD = NO;
				SWIFT_EMIT_LOC_STRINGS = YES;
				SWIFT_VERSION = 5.0;
				TARGETED_DEVICE_FAMILY = 1;
			};
			name = Release;
		};
		45C56C722CB6A42100D09C73 /* Debug */ = {
			isa = XCBuildConfiguration;
			buildSettings = {
				ALWAYS_EMBED_SWIFT_STANDARD_LIBRARIES = YES;
				BUNDLE_LOADER = "$(TEST_HOST)";
				CODE_SIGN_STYLE = Automatic;
				CURRENT_PROJECT_VERSION = 1;
				DEVELOPMENT_TEAM = Z27MRS4X9A;
				GENERATE_INFOPLIST_FILE = YES;
				IPHONEOS_DEPLOYMENT_TARGET = 17.5;
				MARKETING_VERSION = 1.0;
				PRODUCT_BUNDLE_IDENTIFIER = "moai.moai-baby-name-generatorTests";
				PRODUCT_NAME = "$(TARGET_NAME)";
				SWIFT_EMIT_LOC_STRINGS = NO;
				SWIFT_VERSION = 5.0;
				TARGETED_DEVICE_FAMILY = "1,2";
				TEST_HOST = "$(BUILT_PRODUCTS_DIR)/moai-baby-name-generator.app/$(BUNDLE_EXECUTABLE_FOLDER_PATH)/moai-baby-name-generator";
			};
			name = Debug;
		};
		45C56C732CB6A42100D09C73 /* Release */ = {
			isa = XCBuildConfiguration;
			buildSettings = {
				ALWAYS_EMBED_SWIFT_STANDARD_LIBRARIES = YES;
				BUNDLE_LOADER = "$(TEST_HOST)";
				CODE_SIGN_STYLE = Automatic;
				CURRENT_PROJECT_VERSION = 1;
				DEVELOPMENT_TEAM = Z27MRS4X9A;
				GENERATE_INFOPLIST_FILE = YES;
				IPHONEOS_DEPLOYMENT_TARGET = 17.5;
				MARKETING_VERSION = 1.0;
				PRODUCT_BUNDLE_IDENTIFIER = "moai.moai-baby-name-generatorTests";
				PRODUCT_NAME = "$(TARGET_NAME)";
				SWIFT_EMIT_LOC_STRINGS = NO;
				SWIFT_VERSION = 5.0;
				TARGETED_DEVICE_FAMILY = "1,2";
				TEST_HOST = "$(BUILT_PRODUCTS_DIR)/moai-baby-name-generator.app/$(BUNDLE_EXECUTABLE_FOLDER_PATH)/moai-baby-name-generator";
			};
			name = Release;
		};
		45C56C752CB6A42100D09C73 /* Debug */ = {
			isa = XCBuildConfiguration;
			buildSettings = {
				ALWAYS_EMBED_SWIFT_STANDARD_LIBRARIES = YES;
				"CODE_SIGN_IDENTITY[sdk=macosx*]" = "Apple Development";
				CODE_SIGN_STYLE = Automatic;
				CURRENT_PROJECT_VERSION = 1;
				DEVELOPMENT_TEAM = Z27MRS4X9A;
				GENERATE_INFOPLIST_FILE = YES;
				MARKETING_VERSION = 1.0;
				PRODUCT_BUNDLE_IDENTIFIER = "moai.moai-baby-name-generatorUITests";
				PRODUCT_NAME = "$(TARGET_NAME)";
				SWIFT_EMIT_LOC_STRINGS = NO;
				SWIFT_VERSION = 5.0;
				TARGETED_DEVICE_FAMILY = "1,2";
				TEST_TARGET_NAME = "moai-baby-name-generator";
			};
			name = Debug;
		};
		45C56C762CB6A42100D09C73 /* Release */ = {
			isa = XCBuildConfiguration;
			buildSettings = {
				ALWAYS_EMBED_SWIFT_STANDARD_LIBRARIES = YES;
				"CODE_SIGN_IDENTITY[sdk=macosx*]" = "Apple Development";
				CODE_SIGN_STYLE = Automatic;
				CURRENT_PROJECT_VERSION = 1;
				DEVELOPMENT_TEAM = Z27MRS4X9A;
				GENERATE_INFOPLIST_FILE = YES;
				MARKETING_VERSION = 1.0;
				PRODUCT_BUNDLE_IDENTIFIER = "moai.moai-baby-name-generatorUITests";
				PRODUCT_NAME = "$(TARGET_NAME)";
				SWIFT_EMIT_LOC_STRINGS = NO;
				SWIFT_VERSION = 5.0;
				TARGETED_DEVICE_FAMILY = "1,2";
				TEST_TARGET_NAME = "moai-baby-name-generator";
			};
			name = Release;
		};
/* End XCBuildConfiguration section */

/* Begin XCConfigurationList section */
		45C56C452CB6A42000D09C73 /* Build configuration list for PBXProject "moai-baby-name-generator" */ = {
			isa = XCConfigurationList;
			buildConfigurations = (
				45C56C6C2CB6A42100D09C73 /* Debug */,
				45C56C6D2CB6A42100D09C73 /* Release */,
			);
			defaultConfigurationIsVisible = 0;
			defaultConfigurationName = Release;
		};
		45C56C6E2CB6A42100D09C73 /* Build configuration list for PBXNativeTarget "moai-baby-name-generator" */ = {
			isa = XCConfigurationList;
			buildConfigurations = (
				45C56C6F2CB6A42100D09C73 /* Debug */,
				45C56C702CB6A42100D09C73 /* Release */,
			);
			defaultConfigurationIsVisible = 0;
			defaultConfigurationName = Release;
		};
		45C56C712CB6A42100D09C73 /* Build configuration list for PBXNativeTarget "moai-baby-name-generatorTests" */ = {
			isa = XCConfigurationList;
			buildConfigurations = (
				45C56C722CB6A42100D09C73 /* Debug */,
				45C56C732CB6A42100D09C73 /* Release */,
			);
			defaultConfigurationIsVisible = 0;
			defaultConfigurationName = Release;
		};
		45C56C742CB6A42100D09C73 /* Build configuration list for PBXNativeTarget "moai-baby-name-generatorUITests" */ = {
			isa = XCConfigurationList;
			buildConfigurations = (
				45C56C752CB6A42100D09C73 /* Debug */,
				45C56C762CB6A42100D09C73 /* Release */,
			);
			defaultConfigurationIsVisible = 0;
			defaultConfigurationName = Release;
		};
/* End XCConfigurationList section */

/* Begin XCRemoteSwiftPackageReference section */
		454052C72CB7803B00203247 /* XCRemoteSwiftPackageReference "OpenAI" */ = {
			isa = XCRemoteSwiftPackageReference;
			repositoryURL = "https://github.com/MacPaw/OpenAI.git";
			requirement = {
				kind = upToNextMajorVersion;
				minimumVersion = 0.3.0;
			};
		};
		454052CB2CB78BDE00203247 /* XCRemoteSwiftPackageReference "OpenAISwift" */ = {
			isa = XCRemoteSwiftPackageReference;
			repositoryURL = "https://github.com/adamrushy/OpenAISwift";
			requirement = {
				kind = upToNextMajorVersion;
				minimumVersion = 1.4.1;
			};
		};
		4576EEC42CD272D70034D68F /* XCRemoteSwiftPackageReference "swift-package-manager-google-mobile-ads" */ = {
			isa = XCRemoteSwiftPackageReference;
			repositoryURL = "https://github.com/googleads/swift-package-manager-google-mobile-ads";
			requirement = {
				kind = upToNextMajorVersion;
				minimumVersion = 11.11.0;
			};
		};
		45D1D8812CB79187008F752A /* XCRemoteSwiftPackageReference "SwiftOpenAI" */ = {
			isa = XCRemoteSwiftPackageReference;
			repositoryURL = "https://github.com/jamesrochabrun/SwiftOpenAI";
			requirement = {
				kind = exactVersion;
				version = 3.9.1;
			};
		};
		45D1D8842CB795E2008F752A /* XCRemoteSwiftPackageReference "GoogleSignIn-iOS" */ = {
			isa = XCRemoteSwiftPackageReference;
			repositoryURL = "https://github.com/google/GoogleSignIn-iOS.git";
			requirement = {
				kind = upToNextMajorVersion;
				minimumVersion = 8.0.0;
			};
		};
		45D1D88A2CB7FA0D008F752A /* XCRemoteSwiftPackageReference "firebase-ios-sdk" */ = {
			isa = XCRemoteSwiftPackageReference;
			repositoryURL = "https://github.com/firebase/firebase-ios-sdk.git";
			requirement = {
				kind = upToNextMajorVersion;
				minimumVersion = 11.3.0;
			};
		};
		45D817892CCC8D660089A220 /* XCRemoteSwiftPackageReference "Inject" */ = {
			isa = XCRemoteSwiftPackageReference;
			repositoryURL = "https://github.com/krzysztofzablocki/Inject.git";
			requirement = {
				kind = upToNextMajorVersion;
				minimumVersion = 1.5.2;
			};
		};
		45F632952CDB869E005D6CCF /* XCRemoteSwiftPackageReference "swift-format" */ = {
			isa = XCRemoteSwiftPackageReference;
			repositoryURL = "https://github.com/swiftlang/swift-format";
			requirement = {
				kind = upToNextMajorVersion;
				minimumVersion = 600.0.0;
			};
		};
/* End XCRemoteSwiftPackageReference section */

/* Begin XCSwiftPackageProductDependency section */
		4522E09E2CBBCC22003511A5 /* GoogleSignInSwift */ = {
			isa = XCSwiftPackageProductDependency;
			package = 45D1D8842CB795E2008F752A /* XCRemoteSwiftPackageReference "GoogleSignIn-iOS" */;
			productName = GoogleSignInSwift;
		};
		4522E0A02CBBCC26003511A5 /* GoogleSignIn */ = {
			isa = XCSwiftPackageProductDependency;
			package = 45D1D8842CB795E2008F752A /* XCRemoteSwiftPackageReference "GoogleSignIn-iOS" */;
			productName = GoogleSignIn;
		};
		4522E0A42CBBCC35003511A5 /* FirebaseAuth */ = {
			isa = XCSwiftPackageProductDependency;
			package = 45D1D88A2CB7FA0D008F752A /* XCRemoteSwiftPackageReference "firebase-ios-sdk" */;
			productName = FirebaseAuth;
		};
		4522E0A62CBBCC44003511A5 /* FirebaseFirestore */ = {
			isa = XCSwiftPackageProductDependency;
			package = 45D1D88A2CB7FA0D008F752A /* XCRemoteSwiftPackageReference "firebase-ios-sdk" */;
			productName = FirebaseFirestore;
		};
		4522E0A82CBBCC52003511A5 /* FirebaseCore */ = {
			isa = XCSwiftPackageProductDependency;
			package = 45D1D88A2CB7FA0D008F752A /* XCRemoteSwiftPackageReference "firebase-ios-sdk" */;
			productName = FirebaseCore;
		};
		4576EEC72CD276330034D68F /* GoogleMobileAds */ = {
			isa = XCSwiftPackageProductDependency;
			package = 4576EEC42CD272D70034D68F /* XCRemoteSwiftPackageReference "swift-package-manager-google-mobile-ads" */;
			productName = GoogleMobileAds;
		};
		457BBE162CD6649B0013E275 /* SwiftOpenAI */ = {
			isa = XCSwiftPackageProductDependency;
			package = 45D1D8812CB79187008F752A /* XCRemoteSwiftPackageReference "SwiftOpenAI" */;
			productName = SwiftOpenAI;
		};
		45830FA22CE219CC00753CAE /* FirebaseAnalytics */ = {
			isa = XCSwiftPackageProductDependency;
			package = 45D1D88A2CB7FA0D008F752A /* XCRemoteSwiftPackageReference "firebase-ios-sdk" */;
			productName = FirebaseAnalytics;
		};
		45830FA42CE219CC00753CAE /* FirebaseAnalyticsOnDeviceConversion */ = {
			isa = XCSwiftPackageProductDependency;
			package = 45D1D88A2CB7FA0D008F752A /* XCRemoteSwiftPackageReference "firebase-ios-sdk" */;
			productName = FirebaseAnalyticsOnDeviceConversion;
		};
		45830FA62CE219CC00753CAE /* FirebaseAnalyticsWithoutAdIdSupport */ = {
			isa = XCSwiftPackageProductDependency;
			package = 45D1D88A2CB7FA0D008F752A /* XCRemoteSwiftPackageReference "firebase-ios-sdk" */;
			productName = FirebaseAnalyticsWithoutAdIdSupport;
		};
		45830FA82CE219CC00753CAE /* FirebaseAppCheck */ = {
			isa = XCSwiftPackageProductDependency;
			package = 45D1D88A2CB7FA0D008F752A /* XCRemoteSwiftPackageReference "firebase-ios-sdk" */;
			productName = FirebaseAppCheck;
		};
		45830FAA2CE219CC00753CAE /* FirebaseAppDistribution-Beta */ = {
			isa = XCSwiftPackageProductDependency;
			package = 45D1D88A2CB7FA0D008F752A /* XCRemoteSwiftPackageReference "firebase-ios-sdk" */;
			productName = "FirebaseAppDistribution-Beta";
		};
		45DABAE82CF566F2008C7FBE /* FirebaseMessaging */ = {
			isa = XCSwiftPackageProductDependency;
			package = 45D1D88A2CB7FA0D008F752A /* XCRemoteSwiftPackageReference "firebase-ios-sdk" */;
			productName = FirebaseMessaging;
		};
/* End XCSwiftPackageProductDependency section */
	};
	rootObject = 45C56C422CB6A42000D09C73 /* Project object */;
}
