// !$*UTF8*$!
{
	archiveVersion = 1;
	classes = {
	};
	objectVersion = 56;
	objects = {

/* Begin PBXBuildFile section */
		4522E09D2CBBCC1D003511A5 /* SwiftOpenAI in Frameworks */ = {isa = PBXBuildFile; productRef = 4522E09C2CBBCC1D003511A5 /* SwiftOpenAI */; };
		4522E09F2CBBCC22003511A5 /* GoogleSignInSwift in Frameworks */ = {isa = PBXBuildFile; productRef = 4522E09E2CBBCC22003511A5 /* GoogleSignInSwift */; };
		4522E0A12CBBCC26003511A5 /* GoogleSignIn in Frameworks */ = {isa = PBXBuildFile; productRef = 4522E0A02CBBCC26003511A5 /* GoogleSignIn */; };
		4522E0A32CBBCC2D003511A5 /* FirebaseAnalytics in Frameworks */ = {isa = PBXBuildFile; productRef = 4522E0A22CBBCC2D003511A5 /* FirebaseAnalytics */; };
		4522E0A52CBBCC35003511A5 /* FirebaseAuth in Frameworks */ = {isa = PBXBuildFile; productRef = 4522E0A42CBBCC35003511A5 /* FirebaseAuth */; };
		4522E0A72CBBCC44003511A5 /* FirebaseFirestore in Frameworks */ = {isa = PBXBuildFile; productRef = 4522E0A62CBBCC44003511A5 /* FirebaseFirestore */; };
		4522E0A92CBBCC52003511A5 /* FirebaseCore in Frameworks */ = {isa = PBXBuildFile; productRef = 4522E0A82CBBCC52003511A5 /* FirebaseCore */; };
		454052C62CB6EFF700203247 /* questions.json in Resources */ = {isa = PBXBuildFile; fileRef = 454052C52CB6EFF700203247 /* questions.json */; };
		458407852CBA6A7500F9C299 /* Config.plist in Resources */ = {isa = PBXBuildFile; fileRef = 458407842CBA6A7500F9C299 /* Config.plist */; };
		458407872CBA6AC100F9C299 /* Config.swift in Sources */ = {isa = PBXBuildFile; fileRef = 458407862CBA6AC100F9C299 /* Config.swift */; };
		45C56C4E2CB6A42000D09C73 /* moai_baby_name_generatorApp.swift in Sources */ = {isa = PBXBuildFile; fileRef = 45C56C4D2CB6A42000D09C73 /* moai_baby_name_generatorApp.swift */; };
		45C56C502CB6A42000D09C73 /* ContentView.swift in Sources */ = {isa = PBXBuildFile; fileRef = 45C56C4F2CB6A42000D09C73 /* ContentView.swift */; };
		45C56C522CB6A42100D09C73 /* Assets.xcassets in Resources */ = {isa = PBXBuildFile; fileRef = 45C56C512CB6A42100D09C73 /* Assets.xcassets */; };
		45C56C552CB6A42100D09C73 /* Preview Assets.xcassets in Resources */ = {isa = PBXBuildFile; fileRef = 45C56C542CB6A42100D09C73 /* Preview Assets.xcassets */; };
		45C56C5F2CB6A42100D09C73 /* moai_baby_name_generatorTests.swift in Sources */ = {isa = PBXBuildFile; fileRef = 45C56C5E2CB6A42100D09C73 /* moai_baby_name_generatorTests.swift */; };
		45C56C692CB6A42100D09C73 /* moai_baby_name_generatorUITests.swift in Sources */ = {isa = PBXBuildFile; fileRef = 45C56C682CB6A42100D09C73 /* moai_baby_name_generatorUITests.swift */; };
		45C56C6B2CB6A42100D09C73 /* moai_baby_name_generatorUITestsLaunchTests.swift in Sources */ = {isa = PBXBuildFile; fileRef = 45C56C6A2CB6A42100D09C73 /* moai_baby_name_generatorUITestsLaunchTests.swift */; };
		45D1D8942CB7FF7B008F752A /* GoogleService-Info.plist in Resources */ = {isa = PBXBuildFile; fileRef = 45D1D8932CB7FF7B008F752A /* GoogleService-Info.plist */; };
/* End PBXBuildFile section */

/* Begin PBXContainerItemProxy section */
		45C56C5B2CB6A42100D09C73 /* PBXContainerItemProxy */ = {
			isa = PBXContainerItemProxy;
			containerPortal = 45C56C422CB6A42000D09C73 /* Project object */;
			proxyType = 1;
			remoteGlobalIDString = 45C56C492CB6A42000D09C73;
			remoteInfo = "moai-baby-name-generator";
		};
		45C56C652CB6A42100D09C73 /* PBXContainerItemProxy */ = {
			isa = PBXContainerItemProxy;
			containerPortal = 45C56C422CB6A42000D09C73 /* Project object */;
			proxyType = 1;
			remoteGlobalIDString = 45C56C492CB6A42000D09C73;
			remoteInfo = "moai-baby-name-generator";
		};
/* End PBXContainerItemProxy section */

/* Begin PBXFileReference section */
		454052C52CB6EFF700203247 /* questions.json */ = {isa = PBXFileReference; lastKnownFileType = text.json; name = questions.json; path = "moai-baby-name-generator/questions.json"; sourceTree = SOURCE_ROOT; };
		458407842CBA6A7500F9C299 /* Config.plist */ = {isa = PBXFileReference; lastKnownFileType = text.plist.xml; path = Config.plist; sourceTree = "<group>"; };
		458407862CBA6AC100F9C299 /* Config.swift */ = {isa = PBXFileReference; lastKnownFileType = sourcecode.swift; path = Config.swift; sourceTree = "<group>"; };
		45C56C4A2CB6A42000D09C73 /* moai-baby-name-generator.app */ = {isa = PBXFileReference; explicitFileType = wrapper.application; includeInIndex = 0; path = "moai-baby-name-generator.app"; sourceTree = BUILT_PRODUCTS_DIR; };
		45C56C4D2CB6A42000D09C73 /* moai_baby_name_generatorApp.swift */ = {isa = PBXFileReference; lastKnownFileType = sourcecode.swift; path = moai_baby_name_generatorApp.swift; sourceTree = "<group>"; };
		45C56C4F2CB6A42000D09C73 /* ContentView.swift */ = {isa = PBXFileReference; lastKnownFileType = sourcecode.swift; path = ContentView.swift; sourceTree = "<group>"; };
		45C56C512CB6A42100D09C73 /* Assets.xcassets */ = {isa = PBXFileReference; lastKnownFileType = folder.assetcatalog; path = Assets.xcassets; sourceTree = "<group>"; };
		45C56C542CB6A42100D09C73 /* Preview Assets.xcassets */ = {isa = PBXFileReference; lastKnownFileType = folder.assetcatalog; path = "Preview Assets.xcassets"; sourceTree = "<group>"; };
		45C56C5A2CB6A42100D09C73 /* moai-baby-name-generatorTests.xctest */ = {isa = PBXFileReference; explicitFileType = wrapper.cfbundle; includeInIndex = 0; path = "moai-baby-name-generatorTests.xctest"; sourceTree = BUILT_PRODUCTS_DIR; };
		45C56C5E2CB6A42100D09C73 /* moai_baby_name_generatorTests.swift */ = {isa = PBXFileReference; lastKnownFileType = sourcecode.swift; path = moai_baby_name_generatorTests.swift; sourceTree = "<group>"; };
		45C56C642CB6A42100D09C73 /* moai-baby-name-generatorUITests.xctest */ = {isa = PBXFileReference; explicitFileType = wrapper.cfbundle; includeInIndex = 0; path = "moai-baby-name-generatorUITests.xctest"; sourceTree = BUILT_PRODUCTS_DIR; };
		45C56C682CB6A42100D09C73 /* moai_baby_name_generatorUITests.swift */ = {isa = PBXFileReference; lastKnownFileType = sourcecode.swift; path = moai_baby_name_generatorUITests.swift; sourceTree = "<group>"; };
		45C56C6A2CB6A42100D09C73 /* moai_baby_name_generatorUITestsLaunchTests.swift */ = {isa = PBXFileReference; lastKnownFileType = sourcecode.swift; path = moai_baby_name_generatorUITestsLaunchTests.swift; sourceTree = "<group>"; };
		45D1D8892CB79676008F752A /* Info.plist */ = {isa = PBXFileReference; lastKnownFileType = text.plist; path = Info.plist; sourceTree = "<group>"; };
		45D1D8932CB7FF7B008F752A /* GoogleService-Info.plist */ = {isa = PBXFileReference; fileEncoding = 4; lastKnownFileType = text.plist.xml; name = "GoogleService-Info.plist"; path = "../../../../Downloads/GoogleService-Info.plist"; sourceTree = "<group>"; };
/* End PBXFileReference section */

/* Begin PBXFrameworksBuildPhase section */
		45C56C472CB6A42000D09C73 /* Frameworks */ = {
			isa = PBXFrameworksBuildPhase;
			buildActionMask = 2147483647;
			files = (
				4522E09D2CBBCC1D003511A5 /* SwiftOpenAI in Frameworks */,
				4522E0A52CBBCC35003511A5 /* FirebaseAuth in Frameworks */,
				4522E09F2CBBCC22003511A5 /* GoogleSignInSwift in Frameworks */,
				4522E0A32CBBCC2D003511A5 /* FirebaseAnalytics in Frameworks */,
				4522E0A92CBBCC52003511A5 /* FirebaseCore in Frameworks */,
				4522E0A12CBBCC26003511A5 /* GoogleSignIn in Frameworks */,
				4522E0A72CBBCC44003511A5 /* FirebaseFirestore in Frameworks */,
			);
			runOnlyForDeploymentPostprocessing = 0;
		};
		45C56C572CB6A42100D09C73 /* Frameworks */ = {
			isa = PBXFrameworksBuildPhase;
			buildActionMask = 2147483647;
			files = (
			);
			runOnlyForDeploymentPostprocessing = 0;
		};
		45C56C612CB6A42100D09C73 /* Frameworks */ = {
			isa = PBXFrameworksBuildPhase;
			buildActionMask = 2147483647;
			files = (
			);
			runOnlyForDeploymentPostprocessing = 0;
		};
/* End PBXFrameworksBuildPhase section */

/* Begin PBXGroup section */
		454052C82CB7872A00203247 /* Frameworks */ = {
			isa = PBXGroup;
			children = (
			);
			name = Frameworks;
			sourceTree = "<group>";
		};
		45C56C412CB6A42000D09C73 = {
			isa = PBXGroup;
			children = (
				45C56C4C2CB6A42000D09C73 /* moai-baby-name-generator */,
				45C56C5D2CB6A42100D09C73 /* moai-baby-name-generatorTests */,
				45C56C672CB6A42100D09C73 /* moai-baby-name-generatorUITests */,
				45C56C4B2CB6A42000D09C73 /* Products */,
				454052C82CB7872A00203247 /* Frameworks */,
			);
			sourceTree = "<group>";
		};
		45C56C4B2CB6A42000D09C73 /* Products */ = {
			isa = PBXGroup;
			children = (
				45C56C4A2CB6A42000D09C73 /* moai-baby-name-generator.app */,
				45C56C5A2CB6A42100D09C73 /* moai-baby-name-generatorTests.xctest */,
				45C56C642CB6A42100D09C73 /* moai-baby-name-generatorUITests.xctest */,
			);
			name = Products;
			sourceTree = "<group>";
		};
		45C56C4C2CB6A42000D09C73 /* moai-baby-name-generator */ = {
			isa = PBXGroup;
			children = (
				45D1D8892CB79676008F752A /* Info.plist */,
				45C56C4D2CB6A42000D09C73 /* moai_baby_name_generatorApp.swift */,
				45C56C4F2CB6A42000D09C73 /* ContentView.swift */,
				458407842CBA6A7500F9C299 /* Config.plist */,
				458407862CBA6AC100F9C299 /* Config.swift */,
				45C56C512CB6A42100D09C73 /* Assets.xcassets */,
				45D1D8932CB7FF7B008F752A /* GoogleService-Info.plist */,
				45C56C532CB6A42100D09C73 /* Preview Content */,
			);
			path = "moai-baby-name-generator";
			sourceTree = "<group>";
		};
		45C56C532CB6A42100D09C73 /* Preview Content */ = {
			isa = PBXGroup;
			children = (
				45C56C542CB6A42100D09C73 /* Preview Assets.xcassets */,
				454052C52CB6EFF700203247 /* questions.json */,
			);
			path = "Preview Content";
			sourceTree = "<group>";
		};
		45C56C5D2CB6A42100D09C73 /* moai-baby-name-generatorTests */ = {
			isa = PBXGroup;
			children = (
				45C56C5E2CB6A42100D09C73 /* moai_baby_name_generatorTests.swift */,
			);
			path = "moai-baby-name-generatorTests";
			sourceTree = "<group>";
		};
		45C56C672CB6A42100D09C73 /* moai-baby-name-generatorUITests */ = {
			isa = PBXGroup;
			children = (
				45C56C682CB6A42100D09C73 /* moai_baby_name_generatorUITests.swift */,
				45C56C6A2CB6A42100D09C73 /* moai_baby_name_generatorUITestsLaunchTests.swift */,
			);
			path = "moai-baby-name-generatorUITests";
			sourceTree = "<group>";
		};
/* End PBXGroup section */

/* Begin PBXNativeTarget section */
		45C56C492CB6A42000D09C73 /* moai-baby-name-generator */ = {
			isa = PBXNativeTarget;
			buildConfigurationList = 45C56C6E2CB6A42100D09C73 /* Build configuration list for PBXNativeTarget "moai-baby-name-generator" */;
			buildPhases = (
				45C56C462CB6A42000D09C73 /* Sources */,
				45C56C472CB6A42000D09C73 /* Frameworks */,
				45C56C482CB6A42000D09C73 /* Resources */,
			);
			buildRules = (
			);
			dependencies = (
			);
			name = "moai-baby-name-generator";
			packageProductDependencies = (
				4522E09C2CBBCC1D003511A5 /* SwiftOpenAI */,
				4522E09E2CBBCC22003511A5 /* GoogleSignInSwift */,
				4522E0A02CBBCC26003511A5 /* GoogleSignIn */,
				4522E0A22CBBCC2D003511A5 /* FirebaseAnalytics */,
				4522E0A42CBBCC35003511A5 /* FirebaseAuth */,
				4522E0A62CBBCC44003511A5 /* FirebaseFirestore */,
				4522E0A82CBBCC52003511A5 /* FirebaseCore */,
			);
			productName = "moai-baby-name-generator";
			productReference = 45C56C4A2CB6A42000D09C73 /* moai-baby-name-generator.app */;
			productType = "com.apple.product-type.application";
		};
		45C56C592CB6A42100D09C73 /* moai-baby-name-generatorTests */ = {
			isa = PBXNativeTarget;
			buildConfigurationList = 45C56C712CB6A42100D09C73 /* Build configuration list for PBXNativeTarget "moai-baby-name-generatorTests" */;
			buildPhases = (
				45C56C562CB6A42100D09C73 /* Sources */,
				45C56C572CB6A42100D09C73 /* Frameworks */,
				45C56C582CB6A42100D09C73 /* Resources */,
			);
			buildRules = (
			);
			dependencies = (
				45C56C5C2CB6A42100D09C73 /* PBXTargetDependency */,
			);
			name = "moai-baby-name-generatorTests";
			productName = "moai-baby-name-generatorTests";
			productReference = 45C56C5A2CB6A42100D09C73 /* moai-baby-name-generatorTests.xctest */;
			productType = "com.apple.product-type.bundle.unit-test";
		};
		45C56C632CB6A42100D09C73 /* moai-baby-name-generatorUITests */ = {
			isa = PBXNativeTarget;
			buildConfigurationList = 45C56C742CB6A42100D09C73 /* Build configuration list for PBXNativeTarget "moai-baby-name-generatorUITests" */;
			buildPhases = (
				45C56C602CB6A42100D09C73 /* Sources */,
				45C56C612CB6A42100D09C73 /* Frameworks */,
				45C56C622CB6A42100D09C73 /* Resources */,
			);
			buildRules = (
			);
			dependencies = (
				45C56C662CB6A42100D09C73 /* PBXTargetDependency */,
			);
			name = "moai-baby-name-generatorUITests";
			productName = "moai-baby-name-generatorUITests";
			productReference = 45C56C642CB6A42100D09C73 /* moai-baby-name-generatorUITests.xctest */;
			productType = "com.apple.product-type.bundle.ui-testing";
		};
/* End PBXNativeTarget section */

/* Begin PBXProject section */
		45C56C422CB6A42000D09C73 /* Project object */ = {
			isa = PBXProject;
			attributes = {
				BuildIndependentTargetsInParallel = 1;
				LastSwiftUpdateCheck = 1540;
				LastUpgradeCheck = 1540;
				TargetAttributes = {
					45C56C492CB6A42000D09C73 = {
						CreatedOnToolsVersion = 15.4;
					};
					45C56C592CB6A42100D09C73 = {
						CreatedOnToolsVersion = 15.4;
						TestTargetID = 45C56C492CB6A42000D09C73;
					};
					45C56C632CB6A42100D09C73 = {
						CreatedOnToolsVersion = 15.4;
						TestTargetID = 45C56C492CB6A42000D09C73;
					};
				};
			};
			buildConfigurationList = 45C56C452CB6A42000D09C73 /* Build configuration list for PBXProject "moai-baby-name-generator" */;
			compatibilityVersion = "Xcode 14.0";
			developmentRegion = "zh-Hant";
			hasScannedForEncodings = 0;
			knownRegions = (
				en,
				Base,
				"zh-Hant",
			);
			mainGroup = 45C56C412CB6A42000D09C73;
			packageReferences = (
				454052C72CB7803B00203247 /* XCRemoteSwiftPackageReference "OpenAI" */,
				454052CB2CB78BDE00203247 /* XCRemoteSwiftPackageReference "OpenAISwift" */,
				45D1D8812CB79187008F752A /* XCRemoteSwiftPackageReference "SwiftOpenAI" */,
				45D1D8842CB795E2008F752A /* XCRemoteSwiftPackageReference "GoogleSignIn-iOS" */,
				45D1D88A2CB7FA0D008F752A /* XCRemoteSwiftPackageReference "firebase-ios-sdk" */,
			);
			productRefGroup = 45C56C4B2CB6A42000D09C73 /* Products */;
			projectDirPath = "";
			projectRoot = "";
			targets = (
				45C56C492CB6A42000D09C73 /* moai-baby-name-generator */,
				45C56C592CB6A42100D09C73 /* moai-baby-name-generatorTests */,
				45C56C632CB6A42100D09C73 /* moai-baby-name-generatorUITests */,
			);
		};
/* End PBXProject section */

/* Begin PBXResourcesBuildPhase section */
		45C56C482CB6A42000D09C73 /* Resources */ = {
			isa = PBXResourcesBuildPhase;
			buildActionMask = 2147483647;
			files = (
				454052C62CB6EFF700203247 /* questions.json in Resources */,
				45D1D8942CB7FF7B008F752A /* GoogleService-Info.plist in Resources */,
				45C56C552CB6A42100D09C73 /* Preview Assets.xcassets in Resources */,
				458407852CBA6A7500F9C299 /* Config.plist in Resources */,
				45C56C522CB6A42100D09C73 /* Assets.xcassets in Resources */,
			);
			runOnlyForDeploymentPostprocessing = 0;
		};
		45C56C582CB6A42100D09C73 /* Resources */ = {
			isa = PBXResourcesBuildPhase;
			buildActionMask = 2147483647;
			files = (
			);
			runOnlyForDeploymentPostprocessing = 0;
		};
		45C56C622CB6A42100D09C73 /* Resources */ = {
			isa = PBXResourcesBuildPhase;
			buildActionMask = 2147483647;
			files = (
			);
			runOnlyForDeploymentPostprocessing = 0;
		};
/* End PBXResourcesBuildPhase section */

/* Begin PBXSourcesBuildPhase section */
		45C56C462CB6A42000D09C73 /* Sources */ = {
			isa = PBXSourcesBuildPhase;
			buildActionMask = 2147483647;
			files = (
				45C56C502CB6A42000D09C73 /* ContentView.swift in Sources */,
				45C56C4E2CB6A42000D09C73 /* moai_baby_name_generatorApp.swift in Sources */,
				458407872CBA6AC100F9C299 /* Config.swift in Sources */,
			);
			runOnlyForDeploymentPostprocessing = 0;
		};
		45C56C562CB6A42100D09C73 /* Sources */ = {
			isa = PBXSourcesBuildPhase;
			buildActionMask = 2147483647;
			files = (
				45C56C5F2CB6A42100D09C73 /* moai_baby_name_generatorTests.swift in Sources */,
			);
			runOnlyForDeploymentPostprocessing = 0;
		};
		45C56C602CB6A42100D09C73 /* Sources */ = {
			isa = PBXSourcesBuildPhase;
			buildActionMask = 2147483647;
			files = (
				45C56C692CB6A42100D09C73 /* moai_baby_name_generatorUITests.swift in Sources */,
				45C56C6B2CB6A42100D09C73 /* moai_baby_name_generatorUITestsLaunchTests.swift in Sources */,
			);
			runOnlyForDeploymentPostprocessing = 0;
		};
/* End PBXSourcesBuildPhase section */

/* Begin PBXTargetDependency section */
		45C56C5C2CB6A42100D09C73 /* PBXTargetDependency */ = {
			isa = PBXTargetDependency;
			target = 45C56C492CB6A42000D09C73 /* moai-baby-name-generator */;
			targetProxy = 45C56C5B2CB6A42100D09C73 /* PBXContainerItemProxy */;
		};
		45C56C662CB6A42100D09C73 /* PBXTargetDependency */ = {
			isa = PBXTargetDependency;
			target = 45C56C492CB6A42000D09C73 /* moai-baby-name-generator */;
			targetProxy = 45C56C652CB6A42100D09C73 /* PBXContainerItemProxy */;
		};
/* End PBXTargetDependency section */

/* Begin XCBuildConfiguration section */
		45C56C6C2CB6A42100D09C73 /* Debug */ = {
			isa = XCBuildConfiguration;
			buildSettings = {
				ALWAYS_SEARCH_USER_PATHS = NO;
				ASSETCATALOG_COMPILER_GENERATE_SWIFT_ASSET_SYMBOL_EXTENSIONS = YES;
				CLANG_ANALYZER_NONNULL = YES;
				CLANG_ANALYZER_NUMBER_OBJECT_CONVERSION = YES_AGGRESSIVE;
				CLANG_CXX_LANGUAGE_STANDARD = "gnu++20";
				CLANG_ENABLE_MODULES = YES;
				CLANG_ENABLE_OBJC_ARC = YES;
				CLANG_ENABLE_OBJC_WEAK = YES;
				CLANG_WARN_BLOCK_CAPTURE_AUTORELEASING = YES;
				CLANG_WARN_BOOL_CONVERSION = YES;
				CLANG_WARN_COMMA = YES;
				CLANG_WARN_CONSTANT_CONVERSION = YES;
				CLANG_WARN_DEPRECATED_OBJC_IMPLEMENTATIONS = YES;
				CLANG_WARN_DIRECT_OBJC_ISA_USAGE = YES_ERROR;
				CLANG_WARN_DOCUMENTATION_COMMENTS = YES;
				CLANG_WARN_EMPTY_BODY = YES;
				CLANG_WARN_ENUM_CONVERSION = YES;
				CLANG_WARN_INFINITE_RECURSION = YES;
				CLANG_WARN_INT_CONVERSION = YES;
				CLANG_WARN_NON_LITERAL_NULL_CONVERSION = YES;
				CLANG_WARN_OBJC_IMPLICIT_RETAIN_SELF = YES;
				CLANG_WARN_OBJC_LITERAL_CONVERSION = YES;
				CLANG_WARN_OBJC_ROOT_CLASS = YES_ERROR;
				CLANG_WARN_QUOTED_INCLUDE_IN_FRAMEWORK_HEADER = YES;
				CLANG_WARN_RANGE_LOOP_ANALYSIS = YES;
				CLANG_WARN_STRICT_PROTOTYPES = YES;
				CLANG_WARN_SUSPICIOUS_MOVE = YES;
				CLANG_WARN_UNGUARDED_AVAILABILITY = YES_AGGRESSIVE;
				CLANG_WARN_UNREACHABLE_CODE = YES;
				CLANG_WARN__DUPLICATE_METHOD_MATCH = YES;
				COPY_PHASE_STRIP = NO;
				DEBUG_INFORMATION_FORMAT = dwarf;
				ENABLE_STRICT_OBJC_MSGSEND = YES;
				ENABLE_TESTABILITY = YES;
				ENABLE_USER_SCRIPT_SANDBOXING = YES;
				GCC_C_LANGUAGE_STANDARD = gnu17;
				GCC_DYNAMIC_NO_PIC = NO;
				GCC_NO_COMMON_BLOCKS = YES;
				GCC_OPTIMIZATION_LEVEL = 0;
				GCC_PREPROCESSOR_DEFINITIONS = (
					"DEBUG=1",
					"$(inherited)",
				);
				GCC_WARN_64_TO_32_BIT_CONVERSION = YES;
				GCC_WARN_ABOUT_RETURN_TYPE = YES_ERROR;
				GCC_WARN_UNDECLARED_SELECTOR = YES;
				GCC_WARN_UNINITIALIZED_AUTOS = YES_AGGRESSIVE;
				GCC_WARN_UNUSED_FUNCTION = YES;
				GCC_WARN_UNUSED_VARIABLE = YES;
				IPHONEOS_DEPLOYMENT_TARGET = 17.0;
				LOCALIZATION_PREFERS_STRING_CATALOGS = YES;
				MTL_ENABLE_DEBUG_INFO = INCLUDE_SOURCE;
				MTL_FAST_MATH = YES;
				ONLY_ACTIVE_ARCH = YES;
				SDKROOT = iphoneos;
				SWIFT_ACTIVE_COMPILATION_CONDITIONS = "DEBUG $(inherited)";
				SWIFT_OPTIMIZATION_LEVEL = "-Onone";
			};
			name = Debug;
		};
		45C56C6D2CB6A42100D09C73 /* Release */ = {
			isa = XCBuildConfiguration;
			buildSettings = {
				ALWAYS_SEARCH_USER_PATHS = NO;
				ASSETCATALOG_COMPILER_GENERATE_SWIFT_ASSET_SYMBOL_EXTENSIONS = YES;
				CLANG_ANALYZER_NONNULL = YES;
				CLANG_ANALYZER_NUMBER_OBJECT_CONVERSION = YES_AGGRESSIVE;
				CLANG_CXX_LANGUAGE_STANDARD = "gnu++20";
				CLANG_ENABLE_MODULES = YES;
				CLANG_ENABLE_OBJC_ARC = YES;
				CLANG_ENABLE_OBJC_WEAK = YES;
				CLANG_WARN_BLOCK_CAPTURE_AUTORELEASING = YES;
				CLANG_WARN_BOOL_CONVERSION = YES;
				CLANG_WARN_COMMA = YES;
				CLANG_WARN_CONSTANT_CONVERSION = YES;
				CLANG_WARN_DEPRECATED_OBJC_IMPLEMENTATIONS = YES;
				CLANG_WARN_DIRECT_OBJC_ISA_USAGE = YES_ERROR;
				CLANG_WARN_DOCUMENTATION_COMMENTS = YES;
				CLANG_WARN_EMPTY_BODY = YES;
				CLANG_WARN_ENUM_CONVERSION = YES;
				CLANG_WARN_INFINITE_RECURSION = YES;
				CLANG_WARN_INT_CONVERSION = YES;
				CLANG_WARN_NON_LITERAL_NULL_CONVERSION = YES;
				CLANG_WARN_OBJC_IMPLICIT_RETAIN_SELF = YES;
				CLANG_WARN_OBJC_LITERAL_CONVERSION = YES;
				CLANG_WARN_OBJC_ROOT_CLASS = YES_ERROR;
				CLANG_WARN_QUOTED_INCLUDE_IN_FRAMEWORK_HEADER = YES;
				CLANG_WARN_RANGE_LOOP_ANALYSIS = YES;
				CLANG_WARN_STRICT_PROTOTYPES = YES;
				CLANG_WARN_SUSPICIOUS_MOVE = YES;
				CLANG_WARN_UNGUARDED_AVAILABILITY = YES_AGGRESSIVE;
				CLANG_WARN_UNREACHABLE_CODE = YES;
				CLANG_WARN__DUPLICATE_METHOD_MATCH = YES;
				COPY_PHASE_STRIP = NO;
				DEBUG_INFORMATION_FORMAT = "dwarf-with-dsym";
				ENABLE_NS_ASSERTIONS = NO;
				ENABLE_STRICT_OBJC_MSGSEND = YES;
				ENABLE_USER_SCRIPT_SANDBOXING = YES;
				GCC_C_LANGUAGE_STANDARD = gnu17;
				GCC_NO_COMMON_BLOCKS = YES;
				GCC_WARN_64_TO_32_BIT_CONVERSION = YES;
				GCC_WARN_ABOUT_RETURN_TYPE = YES_ERROR;
				GCC_WARN_UNDECLARED_SELECTOR = YES;
				GCC_WARN_UNINITIALIZED_AUTOS = YES_AGGRESSIVE;
				GCC_WARN_UNUSED_FUNCTION = YES;
				GCC_WARN_UNUSED_VARIABLE = YES;
				IPHONEOS_DEPLOYMENT_TARGET = 17.0;
				LOCALIZATION_PREFERS_STRING_CATALOGS = YES;
				MTL_ENABLE_DEBUG_INFO = NO;
				MTL_FAST_MATH = YES;
				SDKROOT = iphoneos;
				SWIFT_COMPILATION_MODE = wholemodule;
				VALIDATE_PRODUCT = YES;
			};
			name = Release;
		};
		45C56C6F2CB6A42100D09C73 /* Debug */ = {
			isa = XCBuildConfiguration;
			buildSettings = {
				ASSETCATALOG_COMPILER_APPICON_NAME = AppIcon;
				ASSETCATALOG_COMPILER_GLOBAL_ACCENT_COLOR_NAME = AccentColor;
				CODE_SIGN_STYLE = Automatic;
				CURRENT_PROJECT_VERSION = 1;
				DEVELOPMENT_ASSET_PATHS = "\"moai-baby-name-generator/Preview Content\"";
				DEVELOPMENT_TEAM = VWTUF2WB62;
				ENABLE_PREVIEWS = YES;
				GENERATE_INFOPLIST_FILE = YES;
				INFOPLIST_FILE = "moai-baby-name-generator/Info.plist";
				INFOPLIST_KEY_UIApplicationSceneManifest_Generation = YES;
				INFOPLIST_KEY_UIApplicationSupportsIndirectInputEvents = YES;
				INFOPLIST_KEY_UILaunchScreen_Generation = YES;
				INFOPLIST_KEY_UISupportedInterfaceOrientations_iPad = "UIInterfaceOrientationPortrait UIInterfaceOrientationPortraitUpsideDown UIInterfaceOrientationLandscapeLeft UIInterfaceOrientationLandscapeRight";
				INFOPLIST_KEY_UISupportedInterfaceOrientations_iPhone = "UIInterfaceOrientationPortrait UIInterfaceOrientationLandscapeLeft UIInterfaceOrientationLandscapeRight";
				LD_RUNPATH_SEARCH_PATHS = (
					"$(inherited)",
					"@executable_path/Frameworks",
				);
				MARKETING_VERSION = 1.0;
				PRODUCT_BUNDLE_IDENTIFIER = "moai.moai-baby-name";
				PRODUCT_NAME = "$(TARGET_NAME)";
				SWIFT_EMIT_LOC_STRINGS = YES;
				SWIFT_VERSION = 5.0;
				TARGETED_DEVICE_FAMILY = "1,2";
			};
			name = Debug;
		};
		45C56C702CB6A42100D09C73 /* Release */ = {
			isa = XCBuildConfiguration;
			buildSettings = {
				ASSETCATALOG_COMPILER_APPICON_NAME = AppIcon;
				ASSETCATALOG_COMPILER_GLOBAL_ACCENT_COLOR_NAME = AccentColor;
				CODE_SIGN_STYLE = Automatic;
				CURRENT_PROJECT_VERSION = 1;
				DEVELOPMENT_ASSET_PATHS = "\"moai-baby-name-generator/Preview Content\"";
				DEVELOPMENT_TEAM = VWTUF2WB62;
				ENABLE_PREVIEWS = YES;
				GENERATE_INFOPLIST_FILE = YES;
				INFOPLIST_FILE = "moai-baby-name-generator/Info.plist";
				INFOPLIST_KEY_UIApplicationSceneManifest_Generation = YES;
				INFOPLIST_KEY_UIApplicationSupportsIndirectInputEvents = YES;
				INFOPLIST_KEY_UILaunchScreen_Generation = YES;
				INFOPLIST_KEY_UISupportedInterfaceOrientations_iPad = "UIInterfaceOrientationPortrait UIInterfaceOrientationPortraitUpsideDown UIInterfaceOrientationLandscapeLeft UIInterfaceOrientationLandscapeRight";
				INFOPLIST_KEY_UISupportedInterfaceOrientations_iPhone = "UIInterfaceOrientationPortrait UIInterfaceOrientationLandscapeLeft UIInterfaceOrientationLandscapeRight";
				LD_RUNPATH_SEARCH_PATHS = (
					"$(inherited)",
					"@executable_path/Frameworks",
				);
				MARKETING_VERSION = 1.0;
				PRODUCT_BUNDLE_IDENTIFIER = "moai.moai-baby-name";
				PRODUCT_NAME = "$(TARGET_NAME)";
				SWIFT_EMIT_LOC_STRINGS = YES;
				SWIFT_VERSION = 5.0;
				TARGETED_DEVICE_FAMILY = "1,2";
			};
			name = Release;
		};
		45C56C722CB6A42100D09C73 /* Debug */ = {
			isa = XCBuildConfiguration;
			buildSettings = {
				ALWAYS_EMBED_SWIFT_STANDARD_LIBRARIES = YES;
				BUNDLE_LOADER = "$(TEST_HOST)";
				CODE_SIGN_STYLE = Automatic;
				CURRENT_PROJECT_VERSION = 1;
				DEVELOPMENT_TEAM = Z27MRS4X9A;
				GENERATE_INFOPLIST_FILE = YES;
				IPHONEOS_DEPLOYMENT_TARGET = 17.5;
				MARKETING_VERSION = 1.0;
				PRODUCT_BUNDLE_IDENTIFIER = "moai.moai-baby-name-generatorTests";
				PRODUCT_NAME = "$(TARGET_NAME)";
				SWIFT_EMIT_LOC_STRINGS = NO;
				SWIFT_VERSION = 5.0;
				TARGETED_DEVICE_FAMILY = "1,2";
				TEST_HOST = "$(BUILT_PRODUCTS_DIR)/moai-baby-name-generator.app/$(BUNDLE_EXECUTABLE_FOLDER_PATH)/moai-baby-name-generator";
			};
			name = Debug;
		};
		45C56C732CB6A42100D09C73 /* Release */ = {
			isa = XCBuildConfiguration;
			buildSettings = {
				ALWAYS_EMBED_SWIFT_STANDARD_LIBRARIES = YES;
				BUNDLE_LOADER = "$(TEST_HOST)";
				CODE_SIGN_STYLE = Automatic;
				CURRENT_PROJECT_VERSION = 1;
				DEVELOPMENT_TEAM = Z27MRS4X9A;
				GENERATE_INFOPLIST_FILE = YES;
				IPHONEOS_DEPLOYMENT_TARGET = 17.5;
				MARKETING_VERSION = 1.0;
				PRODUCT_BUNDLE_IDENTIFIER = "moai.moai-baby-name-generatorTests";
				PRODUCT_NAME = "$(TARGET_NAME)";
				SWIFT_EMIT_LOC_STRINGS = NO;
				SWIFT_VERSION = 5.0;
				TARGETED_DEVICE_FAMILY = "1,2";
				TEST_HOST = "$(BUILT_PRODUCTS_DIR)/moai-baby-name-generator.app/$(BUNDLE_EXECUTABLE_FOLDER_PATH)/moai-baby-name-generator";
			};
			name = Release;
		};
		45C56C752CB6A42100D09C73 /* Debug */ = {
			isa = XCBuildConfiguration;
			buildSettings = {
				ALWAYS_EMBED_SWIFT_STANDARD_LIBRARIES = YES;
				"CODE_SIGN_IDENTITY[sdk=macosx*]" = "Apple Development";
				CODE_SIGN_STYLE = Automatic;
				CURRENT_PROJECT_VERSION = 1;
				DEVELOPMENT_TEAM = Z27MRS4X9A;
				GENERATE_INFOPLIST_FILE = YES;
				MARKETING_VERSION = 1.0;
				PRODUCT_BUNDLE_IDENTIFIER = "moai.moai-baby-name-generatorUITests";
				PRODUCT_NAME = "$(TARGET_NAME)";
				SWIFT_EMIT_LOC_STRINGS = NO;
				SWIFT_VERSION = 5.0;
				TARGETED_DEVICE_FAMILY = "1,2";
				TEST_TARGET_NAME = "moai-baby-name-generator";
			};
			name = Debug;
		};
		45C56C762CB6A42100D09C73 /* Release */ = {
			isa = XCBuildConfiguration;
			buildSettings = {
				ALWAYS_EMBED_SWIFT_STANDARD_LIBRARIES = YES;
				"CODE_SIGN_IDENTITY[sdk=macosx*]" = "Apple Development";
				CODE_SIGN_STYLE = Automatic;
				CURRENT_PROJECT_VERSION = 1;
				DEVELOPMENT_TEAM = Z27MRS4X9A;
				GENERATE_INFOPLIST_FILE = YES;
				MARKETING_VERSION = 1.0;
				PRODUCT_BUNDLE_IDENTIFIER = "moai.moai-baby-name-generatorUITests";
				PRODUCT_NAME = "$(TARGET_NAME)";
				SWIFT_EMIT_LOC_STRINGS = NO;
				SWIFT_VERSION = 5.0;
				TARGETED_DEVICE_FAMILY = "1,2";
				TEST_TARGET_NAME = "moai-baby-name-generator";
			};
			name = Release;
		};
/* End XCBuildConfiguration section */

/* Begin XCConfigurationList section */
		45C56C452CB6A42000D09C73 /* Build configuration list for PBXProject "moai-baby-name-generator" */ = {
			isa = XCConfigurationList;
			buildConfigurations = (
				45C56C6C2CB6A42100D09C73 /* Debug */,
				45C56C6D2CB6A42100D09C73 /* Release */,
			);
			defaultConfigurationIsVisible = 0;
			defaultConfigurationName = Release;
		};
		45C56C6E2CB6A42100D09C73 /* Build configuration list for PBXNativeTarget "moai-baby-name-generator" */ = {
			isa = XCConfigurationList;
			buildConfigurations = (
				45C56C6F2CB6A42100D09C73 /* Debug */,
				45C56C702CB6A42100D09C73 /* Release */,
			);
			defaultConfigurationIsVisible = 0;
			defaultConfigurationName = Release;
		};
		45C56C712CB6A42100D09C73 /* Build configuration list for PBXNativeTarget "moai-baby-name-generatorTests" */ = {
			isa = XCConfigurationList;
			buildConfigurations = (
				45C56C722CB6A42100D09C73 /* Debug */,
				45C56C732CB6A42100D09C73 /* Release */,
			);
			defaultConfigurationIsVisible = 0;
			defaultConfigurationName = Release;
		};
		45C56C742CB6A42100D09C73 /* Build configuration list for PBXNativeTarget "moai-baby-name-generatorUITests" */ = {
			isa = XCConfigurationList;
			buildConfigurations = (
				45C56C752CB6A42100D09C73 /* Debug */,
				45C56C762CB6A42100D09C73 /* Release */,
			);
			defaultConfigurationIsVisible = 0;
			defaultConfigurationName = Release;
		};
/* End XCConfigurationList section */

/* Begin XCRemoteSwiftPackageReference section */
		454052C72CB7803B00203247 /* XCRemoteSwiftPackageReference "OpenAI" */ = {
			isa = XCRemoteSwiftPackageReference;
			repositoryURL = "https://github.com/MacPaw/OpenAI.git";
			requirement = {
				kind = upToNextMajorVersion;
				minimumVersion = 0.3.0;
			};
		};
		454052CB2CB78BDE00203247 /* XCRemoteSwiftPackageReference "OpenAISwift" */ = {
			isa = XCRemoteSwiftPackageReference;
			repositoryURL = "https://github.com/adamrushy/OpenAISwift";
			requirement = {
				kind = upToNextMajorVersion;
				minimumVersion = 1.4.1;
			};
		};
		45D1D8812CB79187008F752A /* XCRemoteSwiftPackageReference "SwiftOpenAI" */ = {
			isa = XCRemoteSwiftPackageReference;
			repositoryURL = "https://github.com/jamesrochabrun/SwiftOpenAI";
			requirement = {
				kind = upToNextMajorVersion;
				minimumVersion = 2.0.0;
			};
		};
		45D1D8842CB795E2008F752A /* XCRemoteSwiftPackageReference "GoogleSignIn-iOS" */ = {
			isa = XCRemoteSwiftPackageReference;
			repositoryURL = "https://github.com/google/GoogleSignIn-iOS.git";
			requirement = {
				kind = upToNextMajorVersion;
				minimumVersion = 8.0.0;
			};
		};
		45D1D88A2CB7FA0D008F752A /* XCRemoteSwiftPackageReference "firebase-ios-sdk" */ = {
			isa = XCRemoteSwiftPackageReference;
			repositoryURL = "https://github.com/firebase/firebase-ios-sdk.git";
			requirement = {
				kind = upToNextMajorVersion;
				minimumVersion = 11.3.0;
			};
		};
/* End XCRemoteSwiftPackageReference section */

/* Begin XCSwiftPackageProductDependency section */
		4522E09C2CBBCC1D003511A5 /* SwiftOpenAI */ = {
			isa = XCSwiftPackageProductDependency;
			package = 45D1D8812CB79187008F752A /* XCRemoteSwiftPackageReference "SwiftOpenAI" */;
			productName = SwiftOpenAI;
		};
		4522E09E2CBBCC22003511A5 /* GoogleSignInSwift */ = {
			isa = XCSwiftPackageProductDependency;
			package = 45D1D8842CB795E2008F752A /* XCRemoteSwiftPackageReference "GoogleSignIn-iOS" */;
			productName = GoogleSignInSwift;
		};
		4522E0A02CBBCC26003511A5 /* GoogleSignIn */ = {
			isa = XCSwiftPackageProductDependency;
			package = 45D1D8842CB795E2008F752A /* XCRemoteSwiftPackageReference "GoogleSignIn-iOS" */;
			productName = GoogleSignIn;
		};
		4522E0A22CBBCC2D003511A5 /* FirebaseAnalytics */ = {
			isa = XCSwiftPackageProductDependency;
			package = 45D1D88A2CB7FA0D008F752A /* XCRemoteSwiftPackageReference "firebase-ios-sdk" */;
			productName = FirebaseAnalytics;
		};
		4522E0A42CBBCC35003511A5 /* FirebaseAuth */ = {
			isa = XCSwiftPackageProductDependency;
			package = 45D1D88A2CB7FA0D008F752A /* XCRemoteSwiftPackageReference "firebase-ios-sdk" */;
			productName = FirebaseAuth;
		};
		4522E0A62CBBCC44003511A5 /* FirebaseFirestore */ = {
			isa = XCSwiftPackageProductDependency;
			package = 45D1D88A2CB7FA0D008F752A /* XCRemoteSwiftPackageReference "firebase-ios-sdk" */;
			productName = FirebaseFirestore;
		};
		4522E0A82CBBCC52003511A5 /* FirebaseCore */ = {
			isa = XCSwiftPackageProductDependency;
			package = 45D1D88A2CB7FA0D008F752A /* XCRemoteSwiftPackageReference "firebase-ios-sdk" */;
			productName = FirebaseCore;
		};
/* End XCSwiftPackageProductDependency section */
	};
	rootObject = 45C56C422CB6A42000D09C73 /* Project object */;
}
